// !$*UTF8*$!
{
	archiveVersion = 1;
	classes = {
	};
	objectVersion = 50;
	objects = {

/* Begin PBXBuildFile section */
		1D887197E3BFFA0084373075 /* RootFeatureInterface.framework in Frameworks */ = {isa = PBXBuildFile; fileRef = 0A9A61630C385F0EE4E42AB8 /* RootFeatureInterface.framework */; platformFilter = ios; };
		31E76D2BA342C4DA1A0FEC07 /* TuistBundle+RootFeatureTests.swift in Sources */ = {isa = PBXBuildFile; fileRef = A1DCD0F6E44CA3B0A4D8527E /* TuistBundle+RootFeatureTests.swift */; };
		3EAAF12205863AF02D9CD9A9 /* BankingFeature.framework in Dependencies */ = {isa = PBXBuildFile; fileRef = C42570CB26F4271271B48C49 /* BankingFeature.framework */; platformFilter = ios; };
		592097BAC06E6E7261A80BD9 /* WaitingFeature.framework in Dependencies */ = {isa = PBXBuildFile; fileRef = 0ECE35957E0624E3435C3D64 /* WaitingFeature.framework */; platformFilter = ios; };
		6546941298E8D16C0B60ECE3 /* Sample.swift in Sources */ = {isa = PBXBuildFile; fileRef = D9E520C80BC8A4BEC49A8F50 /* Sample.swift */; };
		8968301B780183FB98B79019 /* dummy.txt in Resources */ = {isa = PBXBuildFile; fileRef = 5D3F729702846786FF810399 /* dummy.txt */; };
		8DB44C51D0F03D6AA00F5A0C /* Sample.swift in Sources */ = {isa = PBXBuildFile; fileRef = DA6CC1BB35E699B7998B2C10 /* Sample.swift */; };
		96F0A98F1FB899B19A394699 /* UnitTest.swift in Sources */ = {isa = PBXBuildFile; fileRef = 35DD372E48A36823E7CBE74C /* UnitTest.swift */; };
		AE8599A67A09C0AE22B95BFE /* MainFeature.framework in Dependencies */ = {isa = PBXBuildFile; fileRef = 45E12D718AF90A9E8467EB0B /* MainFeature.framework */; platformFilter = ios; };
		CA51B166AB070D001788B24A /* SettingFeature.framework in Dependencies */ = {isa = PBXBuildFile; fileRef = 495E341FFF218BA9A15E9636 /* SettingFeature.framework */; platformFilter = ios; };
/* End PBXBuildFile section */

/* Begin PBXContainerItemProxy section */
		95F43E3495D0DAEB864B916C /* PBXContainerItemProxy */ = {
			isa = PBXContainerItemProxy;
			containerPortal = E24AE4A89230BDE7BCBA0E4C /* Project object */;
			proxyType = 1;
			remoteGlobalIDString = 00E9CA43B16B199C0DB61155;
			remoteInfo = RootFeatureInterface;
		};
/* End PBXContainerItemProxy section */

/* Begin PBXCopyFilesBuildPhase section */
		7DCA87C52CE6491AFC4A02CA /* Dependencies */ = {
			isa = PBXCopyFilesBuildPhase;
			buildActionMask = 8;
			dstSubfolderSpec = 16;
			files = (
				3EAAF12205863AF02D9CD9A9 /* BankingFeature.framework in Dependencies */,
				AE8599A67A09C0AE22B95BFE /* MainFeature.framework in Dependencies */,
				CA51B166AB070D001788B24A /* SettingFeature.framework in Dependencies */,
				592097BAC06E6E7261A80BD9 /* WaitingFeature.framework in Dependencies */,
			);
			name = Dependencies;
			runOnlyForDeploymentPostprocessing = 1;
		};
		89EF496381D47FC1D2500CE9 /* Embed Frameworks */ = {
			isa = PBXCopyFilesBuildPhase;
			buildActionMask = 2147483647;
			dstPath = "";
			dstSubfolderSpec = 10;
			files = (
			);
			name = "Embed Frameworks";
			runOnlyForDeploymentPostprocessing = 0;
		};
		C409351915F7231406D55A1F /* Embed Frameworks */ = {
			isa = PBXCopyFilesBuildPhase;
			buildActionMask = 2147483647;
			dstPath = "";
			dstSubfolderSpec = 10;
			files = (
			);
			name = "Embed Frameworks";
			runOnlyForDeploymentPostprocessing = 0;
		};
		CC6786600137B97C3379B614 /* Embed Frameworks */ = {
			isa = PBXCopyFilesBuildPhase;
			buildActionMask = 2147483647;
			dstPath = "";
			dstSubfolderSpec = 10;
			files = (
			);
			name = "Embed Frameworks";
			runOnlyForDeploymentPostprocessing = 0;
		};
/* End PBXCopyFilesBuildPhase section */

/* Begin PBXFileReference section */
		085BEC5320CB664202A7AB60 /* RootFeature-Info.plist */ = {isa = PBXFileReference; lastKnownFileType = text.plist; path = "RootFeature-Info.plist"; sourceTree = "<group>"; };
		0A9A61630C385F0EE4E42AB8 /* RootFeatureInterface.framework */ = {isa = PBXFileReference; explicitFileType = wrapper.framework; includeInIndex = 0; path = RootFeatureInterface.framework; sourceTree = BUILT_PRODUCTS_DIR; };
		0ECE35957E0624E3435C3D64 /* WaitingFeature.framework */ = {isa = PBXFileReference; explicitFileType = wrapper.framework; includeInIndex = 0; path = WaitingFeature.framework; sourceTree = BUILT_PRODUCTS_DIR; };
		2DCDEC0ECFB4E9BD810661F9 /* Project-Release.xcconfig */ = {isa = PBXFileReference; lastKnownFileType = text.xcconfig; path = "Project-Release.xcconfig"; sourceTree = "<group>"; };
		35DD372E48A36823E7CBE74C /* UnitTest.swift */ = {isa = PBXFileReference; lastKnownFileType = sourcecode.swift; path = UnitTest.swift; sourceTree = "<group>"; };
		36EB6645EFA059FB10246872 /* RootFeatureInterface-Info.plist */ = {isa = PBXFileReference; lastKnownFileType = text.plist; path = "RootFeatureInterface-Info.plist"; sourceTree = "<group>"; };
		45E12D718AF90A9E8467EB0B /* MainFeature.framework */ = {isa = PBXFileReference; explicitFileType = wrapper.framework; includeInIndex = 0; path = MainFeature.framework; sourceTree = BUILT_PRODUCTS_DIR; };
		495E341FFF218BA9A15E9636 /* SettingFeature.framework */ = {isa = PBXFileReference; explicitFileType = wrapper.framework; includeInIndex = 0; path = SettingFeature.framework; sourceTree = BUILT_PRODUCTS_DIR; };
		5D3F729702846786FF810399 /* dummy.txt */ = {isa = PBXFileReference; lastKnownFileType = text; path = dummy.txt; sourceTree = "<group>"; };
		769CA0C6BCAB752CA201D151 /* iOS-Framework.xcconfig */ = {isa = PBXFileReference; lastKnownFileType = text.xcconfig; path = "iOS-Framework.xcconfig"; sourceTree = "<group>"; };
		A1DCD0F6E44CA3B0A4D8527E /* TuistBundle+RootFeatureTests.swift */ = {isa = PBXFileReference; lastKnownFileType = sourcecode.swift; path = "TuistBundle+RootFeatureTests.swift"; sourceTree = "<group>"; };
		A3CFEA1F596677AE2E0077CD /* RootFeatureTests-Info.plist */ = {isa = PBXFileReference; lastKnownFileType = text.plist; path = "RootFeatureTests-Info.plist"; sourceTree = "<group>"; };
		C42570CB26F4271271B48C49 /* BankingFeature.framework */ = {isa = PBXFileReference; explicitFileType = wrapper.framework; includeInIndex = 0; path = BankingFeature.framework; sourceTree = BUILT_PRODUCTS_DIR; };
		C48618B5E4CEE76FFB782DC2 /* RootFeatureTests.xctest */ = {isa = PBXFileReference; explicitFileType = wrapper.cfbundle; includeInIndex = 0; path = RootFeatureTests.xctest; sourceTree = BUILT_PRODUCTS_DIR; };
		C77F11F10603A7941320A3F9 /* iOS-Tests.xcconfig */ = {isa = PBXFileReference; lastKnownFileType = text.xcconfig; path = "iOS-Tests.xcconfig"; sourceTree = "<group>"; };
		D9E520C80BC8A4BEC49A8F50 /* Sample.swift */ = {isa = PBXFileReference; lastKnownFileType = sourcecode.swift; path = Sample.swift; sourceTree = "<group>"; };
		DA6CC1BB35E699B7998B2C10 /* Sample.swift */ = {isa = PBXFileReference; lastKnownFileType = sourcecode.swift; path = Sample.swift; sourceTree = "<group>"; };
		E4A084E726FB82C1FC271479 /* Project-Development.xcconfig */ = {isa = PBXFileReference; lastKnownFileType = text.xcconfig; path = "Project-Development.xcconfig"; sourceTree = "<group>"; };
		E786D8EC9B2855E98CBADF12 /* RootFeature.framework */ = {isa = PBXFileReference; explicitFileType = wrapper.framework; includeInIndex = 0; path = RootFeature.framework; sourceTree = BUILT_PRODUCTS_DIR; };
/* End PBXFileReference section */

/* Begin PBXFrameworksBuildPhase section */
		3551C0B1196D8D1BAD1192C3 /* Frameworks */ = {
			isa = PBXFrameworksBuildPhase;
			buildActionMask = 2147483647;
			files = (
			);
			runOnlyForDeploymentPostprocessing = 0;
		};
		47B4AB96193E70A39980501C /* Frameworks */ = {
			isa = PBXFrameworksBuildPhase;
			buildActionMask = 2147483647;
			files = (
			);
			runOnlyForDeploymentPostprocessing = 0;
		};
		67DBE78EE9EAC7430489B166 /* Frameworks */ = {
			isa = PBXFrameworksBuildPhase;
			buildActionMask = 2147483647;
			files = (
				1D887197E3BFFA0084373075 /* RootFeatureInterface.framework in Frameworks */,
			);
			runOnlyForDeploymentPostprocessing = 0;
		};
/* End PBXFrameworksBuildPhase section */

/* Begin PBXGroup section */
		012B93415DB9C6FE4B1F78D8 /* Resources */ = {
			isa = PBXGroup;
			children = (
				5D3F729702846786FF810399 /* dummy.txt */,
			);
			path = Resources;
			sourceTree = "<group>";
		};
		1BD7EE559B087E3DB350AFA7 /* Interface */ = {
			isa = PBXGroup;
			children = (
				F253F1C425D80AD466C0A9E8 /* Sources */,
			);
			path = Interface;
			sourceTree = "<group>";
		};
		2A683A55E02F161F654A5F7A /* Products */ = {
			isa = PBXGroup;
			children = (
				C42570CB26F4271271B48C49 /* BankingFeature.framework */,
				45E12D718AF90A9E8467EB0B /* MainFeature.framework */,
				E786D8EC9B2855E98CBADF12 /* RootFeature.framework */,
				0A9A61630C385F0EE4E42AB8 /* RootFeatureInterface.framework */,
				C48618B5E4CEE76FFB782DC2 /* RootFeatureTests.xctest */,
				495E341FFF218BA9A15E9636 /* SettingFeature.framework */,
				0ECE35957E0624E3435C3D64 /* WaitingFeature.framework */,
			);
			name = Products;
			sourceTree = "<group>";
		};
		34D64BF3FC238CAD8C2328A5 /* Tests */ = {
			isa = PBXGroup;
			children = (
				012B93415DB9C6FE4B1F78D8 /* Resources */,
				3D194E7ADC7EC116BAE313BA /* Sources */,
			);
			path = Tests;
			sourceTree = "<group>";
		};
		3763ADD57650D3F02576E2B5 = {
			isa = PBXGroup;
			children = (
				A27C998A64A49DF98EBA1B98 /* Project */,
				F47F9BD74A49F1C8B3A451EC /* Frameworks */,
				2A683A55E02F161F654A5F7A /* Products */,
			);
			sourceTree = "<group>";
		};
		3D194E7ADC7EC116BAE313BA /* Sources */ = {
			isa = PBXGroup;
			children = (
				35DD372E48A36823E7CBE74C /* UnitTest.swift */,
			);
			path = Sources;
			sourceTree = "<group>";
		};
		758685270592FE26098DF63C /* Base */ = {
			isa = PBXGroup;
			children = (
				A97D1BAE196485EE06309505 /* Projects */,
			);
			path = Base;
			sourceTree = "<group>";
		};
		78FC969D6E354B53F29BED75 /* targets */ = {
			isa = PBXGroup;
			children = (
				769CA0C6BCAB752CA201D151 /* iOS-Framework.xcconfig */,
				C77F11F10603A7941320A3F9 /* iOS-Tests.xcconfig */,
			);
			path = targets;
			sourceTree = "<group>";
		};
		9007E6DE1D5AE3D9C49BBC62 /* xcconfigs */ = {
			isa = PBXGroup;
			children = (
				758685270592FE26098DF63C /* Base */,
				78FC969D6E354B53F29BED75 /* targets */,
			);
			name = xcconfigs;
			path = ../../../xcconfigs;
			sourceTree = "<group>";
		};
		93F019ADFB0D1DCDCE4D49A1 /* Sources */ = {
			isa = PBXGroup;
			children = (
				A1DCD0F6E44CA3B0A4D8527E /* TuistBundle+RootFeatureTests.swift */,
			);
			path = Sources;
			sourceTree = "<group>";
		};
		A27C998A64A49DF98EBA1B98 /* Project */ = {
			isa = PBXGroup;
			children = (
				B2E1D8174625B2D769A59DE1 /* Derived */,
				1BD7EE559B087E3DB350AFA7 /* Interface */,
				A4DA8866E1F6DE16B776E201 /* Sources */,
				34D64BF3FC238CAD8C2328A5 /* Tests */,
				9007E6DE1D5AE3D9C49BBC62 /* xcconfigs */,
			);
			name = Project;
			sourceTree = "<group>";
		};
		A4DA8866E1F6DE16B776E201 /* Sources */ = {
			isa = PBXGroup;
			children = (
				D9E520C80BC8A4BEC49A8F50 /* Sample.swift */,
			);
			path = Sources;
			sourceTree = "<group>";
		};
		A97D1BAE196485EE06309505 /* Projects */ = {
			isa = PBXGroup;
			children = (
				E4A084E726FB82C1FC271479 /* Project-Development.xcconfig */,
				2DCDEC0ECFB4E9BD810661F9 /* Project-Release.xcconfig */,
			);
			path = Projects;
			sourceTree = "<group>";
		};
		B2E1D8174625B2D769A59DE1 /* Derived */ = {
			isa = PBXGroup;
			children = (
				EC6B20F5EBAB6A303DB768A8 /* InfoPlists */,
				93F019ADFB0D1DCDCE4D49A1 /* Sources */,
			);
			path = Derived;
			sourceTree = "<group>";
		};
		EC6B20F5EBAB6A303DB768A8 /* InfoPlists */ = {
			isa = PBXGroup;
			children = (
				085BEC5320CB664202A7AB60 /* RootFeature-Info.plist */,
				36EB6645EFA059FB10246872 /* RootFeatureInterface-Info.plist */,
				A3CFEA1F596677AE2E0077CD /* RootFeatureTests-Info.plist */,
			);
			path = InfoPlists;
			sourceTree = "<group>";
		};
		F253F1C425D80AD466C0A9E8 /* Sources */ = {
			isa = PBXGroup;
			children = (
				DA6CC1BB35E699B7998B2C10 /* Sample.swift */,
			);
			path = Sources;
			sourceTree = "<group>";
		};
		F47F9BD74A49F1C8B3A451EC /* Frameworks */ = {
			isa = PBXGroup;
			children = (
			);
			name = Frameworks;
			sourceTree = "<group>";
		};
/* End PBXGroup section */

/* Begin PBXNativeTarget section */
		00E9CA43B16B199C0DB61155 /* RootFeatureInterface */ = {
			isa = PBXNativeTarget;
			buildConfigurationList = 4083392BB57D378861F3D3F5 /* Build configuration list for PBXNativeTarget "RootFeatureInterface" */;
			buildPhases = (
				FB38F3368DB16A2E323AA069 /* Sources */,
				67C46D6ECD9817A25FC87C1E /* Resources */,
				CC6786600137B97C3379B614 /* Embed Frameworks */,
				47B4AB96193E70A39980501C /* Frameworks */,
			);
			buildRules = (
			);
			dependencies = (
			);
			name = RootFeatureInterface;
			productName = RootFeatureInterface;
			productReference = 0A9A61630C385F0EE4E42AB8 /* RootFeatureInterface.framework */;
			productType = "com.apple.product-type.framework";
		};
		0EBDBDC43A21880F12EBCE9E /* RootFeature */ = {
			isa = PBXNativeTarget;
			buildConfigurationList = 9A14F4430C17425558B0DE89 /* Build configuration list for PBXNativeTarget "RootFeature" */;
			buildPhases = (
				39622B5A1709DF8AA4FAE5D6 /* Sources */,
				D5257ED1F814ED1BE2B64A2D /* Resources */,
				89EF496381D47FC1D2500CE9 /* Embed Frameworks */,
				67DBE78EE9EAC7430489B166 /* Frameworks */,
				7DCA87C52CE6491AFC4A02CA /* Dependencies */,
			);
			buildRules = (
			);
			dependencies = (
				C5AE0339FD8DCD3958086DE5 /* PBXTargetDependency */,
			);
			name = RootFeature;
			productName = RootFeature;
			productReference = E786D8EC9B2855E98CBADF12 /* RootFeature.framework */;
			productType = "com.apple.product-type.framework";
		};
		A3CF7C1E2BF14E793472B5CC /* RootFeatureTests */ = {
			isa = PBXNativeTarget;
			buildConfigurationList = 7538150E608D93186AD164ED /* Build configuration list for PBXNativeTarget "RootFeatureTests" */;
			buildPhases = (
				3A63C8E5EC6EF161394D2017 /* Sources */,
				7583BF3FB4C412C4C3A1A58A /* Resources */,
				C409351915F7231406D55A1F /* Embed Frameworks */,
				3551C0B1196D8D1BAD1192C3 /* Frameworks */,
			);
			buildRules = (
			);
			dependencies = (
			);
			name = RootFeatureTests;
			productName = RootFeatureTests;
			productReference = C48618B5E4CEE76FFB782DC2 /* RootFeatureTests.xctest */;
			productType = "com.apple.product-type.bundle.unit-test";
		};
/* End PBXNativeTarget section */

/* Begin PBXProject section */
		E24AE4A89230BDE7BCBA0E4C /* Project object */ = {
			isa = PBXProject;
			attributes = {
				ORGANIZATIONNAME = BankApp;
				TargetAttributes = {
				};
			};
			buildConfigurationList = 2B439DE758E0CDAD86F3302A /* Build configuration list for PBXProject "RootFeature" */;
			compatibilityVersion = "Xcode 13.0";
			developmentRegion = en;
			hasScannedForEncodings = 0;
			knownRegions = (
				Base,
				en,
			);
			mainGroup = 3763ADD57650D3F02576E2B5;
			productRefGroup = 2A683A55E02F161F654A5F7A /* Products */;
			projectDirPath = "";
			projectRoot = "";
			targets = (
				00E9CA43B16B199C0DB61155 /* RootFeatureInterface */,
				0EBDBDC43A21880F12EBCE9E /* RootFeature */,
				A3CF7C1E2BF14E793472B5CC /* RootFeatureTests */,
			);
		};
/* End PBXProject section */

/* Begin PBXResourcesBuildPhase section */
		67C46D6ECD9817A25FC87C1E /* Resources */ = {
			isa = PBXResourcesBuildPhase;
			buildActionMask = 2147483647;
			files = (
			);
			runOnlyForDeploymentPostprocessing = 0;
		};
		7583BF3FB4C412C4C3A1A58A /* Resources */ = {
			isa = PBXResourcesBuildPhase;
			buildActionMask = 2147483647;
			files = (
				8968301B780183FB98B79019 /* dummy.txt in Resources */,
			);
			runOnlyForDeploymentPostprocessing = 0;
		};
		D5257ED1F814ED1BE2B64A2D /* Resources */ = {
			isa = PBXResourcesBuildPhase;
			buildActionMask = 2147483647;
			files = (
			);
			runOnlyForDeploymentPostprocessing = 0;
		};
/* End PBXResourcesBuildPhase section */

/* Begin PBXSourcesBuildPhase section */
		39622B5A1709DF8AA4FAE5D6 /* Sources */ = {
			isa = PBXSourcesBuildPhase;
			buildActionMask = 2147483647;
			files = (
				6546941298E8D16C0B60ECE3 /* Sample.swift in Sources */,
			);
			runOnlyForDeploymentPostprocessing = 0;
		};
		3A63C8E5EC6EF161394D2017 /* Sources */ = {
			isa = PBXSourcesBuildPhase;
			buildActionMask = 2147483647;
			files = (
				31E76D2BA342C4DA1A0FEC07 /* TuistBundle+RootFeatureTests.swift in Sources */,
				96F0A98F1FB899B19A394699 /* UnitTest.swift in Sources */,
			);
			runOnlyForDeploymentPostprocessing = 0;
		};
		FB38F3368DB16A2E323AA069 /* Sources */ = {
			isa = PBXSourcesBuildPhase;
			buildActionMask = 2147483647;
			files = (
				8DB44C51D0F03D6AA00F5A0C /* Sample.swift in Sources */,
			);
			runOnlyForDeploymentPostprocessing = 0;
		};
/* End PBXSourcesBuildPhase section */

/* Begin PBXTargetDependency section */
		C5AE0339FD8DCD3958086DE5 /* PBXTargetDependency */ = {
			isa = PBXTargetDependency;
			name = RootFeatureInterface;
			target = 00E9CA43B16B199C0DB61155 /* RootFeatureInterface */;
			targetProxy = 95F43E3495D0DAEB864B916C /* PBXContainerItemProxy */;
		};
/* End PBXTargetDependency section */

/* Begin XCBuildConfiguration section */
		080C54871F9BF2CA6AC948E9 /* Release */ = {
			isa = XCBuildConfiguration;
			baseConfigurationReference = 769CA0C6BCAB752CA201D151 /* iOS-Framework.xcconfig */;
			buildSettings = {
				CODE_SIGN_IDENTITY = "$(CODE_SIGN_IDENTITY)";
				CODE_SIGN_STYLE = Manual;
				CURRENT_PROJECT_VERSION = 1;
				DEFINES_MODULE = YES;
				DEVELOPMENT_TEAM = "";
				DYLIB_COMPATIBILITY_VERSION = 1;
				DYLIB_CURRENT_VERSION = 1;
				DYLIB_INSTALL_NAME_BASE = "@rpath";
				INFOPLIST_FILE = "Derived/InfoPlists/RootFeature-Info.plist";
				INSTALL_PATH = "$(LOCAL_LIBRARY_DIR)/Frameworks";
				IPHONEOS_DEPLOYMENT_TARGET = 15.0;
				LD_RUNPATH_SEARCH_PATHS = (
					"$(inherited)",
					"@executable_path/Frameworks",
					"@loader_path/Frameworks",
				);
				MACH_O_TYPE = staticlib;
				OTHER_LDFLAGS = "$(inherited)";
				PRODUCT_BUNDLE_IDENTIFIER = com.devxsby.RootFeature;
				PRODUCT_NAME = RootFeature;
				SDKROOT = iphoneos;
				SKIP_INSTALL = YES;
				SUPPORTS_MACCATALYST = NO;
				SWIFT_COMPILATION_MODE = wholemodule;
				SWIFT_OPTIMIZATION_LEVEL = "-Owholemodule";
				SWIFT_VERSION = 5.0;
				TARGETED_DEVICE_FAMILY = 1;
				VERSIONING_SYSTEM = "apple-generic";
				VERSION_INFO_PREFIX = "";
			};
			name = Release;
		};
		1D992DA5C85FF5E46066A856 /* Development */ = {
			isa = XCBuildConfiguration;
			baseConfigurationReference = C77F11F10603A7941320A3F9 /* iOS-Tests.xcconfig */;
			buildSettings = {
				CODE_SIGN_IDENTITY = "$(CODE_SIGN_IDENTITY)";
				CODE_SIGN_STYLE = Manual;
				DEVELOPMENT_TEAM = "";
				INFOPLIST_FILE = "Derived/InfoPlists/RootFeatureTests-Info.plist";
				IPHONEOS_DEPLOYMENT_TARGET = 15.0;
				LD_RUNPATH_SEARCH_PATHS = (
					"$(inherited)",
					"@executable_path/Frameworks",
					"@loader_path/Frameworks",
				);
				PRODUCT_BUNDLE_IDENTIFIER = com.devxsby.RootFeatureTests;
				PRODUCT_NAME = RootFeatureTests;
				SDKROOT = iphoneos;
				SUPPORTS_MACCATALYST = NO;
				SWIFT_ACTIVE_COMPILATION_CONDITIONS = DEBUG;
				SWIFT_COMPILATION_MODE = singlefile;
				SWIFT_OPTIMIZATION_LEVEL = "-Onone";
				SWIFT_VERSION = 5.0;
				TARGETED_DEVICE_FAMILY = 1;
			};
			name = Development;
		};
		455BA0AF48DB9A9BD4B60122 /* Release */ = {
			isa = XCBuildConfiguration;
			baseConfigurationReference = C77F11F10603A7941320A3F9 /* iOS-Tests.xcconfig */;
			buildSettings = {
				CODE_SIGN_IDENTITY = "$(CODE_SIGN_IDENTITY)";
				CODE_SIGN_STYLE = Manual;
				DEVELOPMENT_TEAM = "";
				INFOPLIST_FILE = "Derived/InfoPlists/RootFeatureTests-Info.plist";
				IPHONEOS_DEPLOYMENT_TARGET = 15.0;
				LD_RUNPATH_SEARCH_PATHS = (
					"$(inherited)",
					"@executable_path/Frameworks",
					"@loader_path/Frameworks",
				);
				PRODUCT_BUNDLE_IDENTIFIER = com.devxsby.RootFeatureTests;
				PRODUCT_NAME = RootFeatureTests;
				SDKROOT = iphoneos;
				SUPPORTS_MACCATALYST = NO;
				SWIFT_COMPILATION_MODE = wholemodule;
				SWIFT_OPTIMIZATION_LEVEL = "-Owholemodule";
				SWIFT_VERSION = 5.0;
				TARGETED_DEVICE_FAMILY = 1;
			};
			name = Release;
		};
		7721A92BE15F7D0F347A0DB4 /* Development */ = {
			isa = XCBuildConfiguration;
			baseConfigurationReference = E4A084E726FB82C1FC271479 /* Project-Development.xcconfig */;
			buildSettings = {
				ALWAYS_SEARCH_USER_PATHS = NO;
				CLANG_ANALYZER_LOCALIZABILITY_NONLOCALIZED = YES;
				CLANG_ANALYZER_NONNULL = YES;
				CLANG_ANALYZER_NUMBER_OBJECT_CONVERSION = YES_AGGRESSIVE;
				CLANG_CXX_LANGUAGE_STANDARD = "gnu++14";
				CLANG_CXX_LIBRARY = "libc++";
				CLANG_ENABLE_MODULES = YES;
				CLANG_ENABLE_OBJC_ARC = YES;
				CLANG_ENABLE_OBJC_WEAK = YES;
				CLANG_WARN_BLOCK_CAPTURE_AUTORELEASING = YES;
				CLANG_WARN_BOOL_CONVERSION = YES;
				CLANG_WARN_COMMA = YES;
				CLANG_WARN_CONSTANT_CONVERSION = YES;
				CLANG_WARN_DEPRECATED_OBJC_IMPLEMENTATIONS = YES;
				CLANG_WARN_DIRECT_OBJC_ISA_USAGE = YES_ERROR;
				CLANG_WARN_DOCUMENTATION_COMMENTS = YES;
				CLANG_WARN_EMPTY_BODY = YES;
				CLANG_WARN_ENUM_CONVERSION = YES;
				CLANG_WARN_INFINITE_RECURSION = YES;
				CLANG_WARN_INT_CONVERSION = YES;
				CLANG_WARN_NON_LITERAL_NULL_CONVERSION = YES;
				CLANG_WARN_OBJC_IMPLICIT_RETAIN_SELF = YES;
				CLANG_WARN_OBJC_LITERAL_CONVERSION = YES;
				CLANG_WARN_OBJC_ROOT_CLASS = YES_ERROR;
				CLANG_WARN_QUOTED_INCLUDE_IN_FRAMEWORK_HEADER = YES;
				CLANG_WARN_RANGE_LOOP_ANALYSIS = YES;
				CLANG_WARN_STRICT_PROTOTYPES = YES;
				CLANG_WARN_SUSPICIOUS_MOVE = YES;
				CLANG_WARN_UNGUARDED_AVAILABILITY = YES_AGGRESSIVE;
				CLANG_WARN_UNREACHABLE_CODE = YES;
				CLANG_WARN__DUPLICATE_METHOD_MATCH = YES;
				COPY_PHASE_STRIP = NO;
				DEAD_CODE_STRIPPING = YES;
				DEBUG_INFORMATION_FORMAT = dwarf;
				ENABLE_STRICT_OBJC_MSGSEND = YES;
				ENABLE_TESTABILITY = YES;
				GCC_C_LANGUAGE_STANDARD = gnu11;
				GCC_DYNAMIC_NO_PIC = NO;
				GCC_NO_COMMON_BLOCKS = YES;
				GCC_OPTIMIZATION_LEVEL = 0;
				GCC_PREPROCESSOR_DEFINITIONS = (
					"DEBUG=1",
					"$(inherited)",
				);
				GCC_WARN_64_TO_32_BIT_CONVERSION = YES;
				GCC_WARN_ABOUT_RETURN_TYPE = YES_ERROR;
				GCC_WARN_UNDECLARED_SELECTOR = YES;
				GCC_WARN_UNINITIALIZED_AUTOS = YES_AGGRESSIVE;
				GCC_WARN_UNUSED_FUNCTION = YES;
				GCC_WARN_UNUSED_VARIABLE = YES;
				MTL_ENABLE_DEBUG_INFO = YES;
				ONLY_ACTIVE_ARCH = YES;
				PRODUCT_NAME = "$(TARGET_NAME)";
			};
			name = Development;
		};
		7E05A027A5C5B1817C20EDE6 /* Development */ = {
			isa = XCBuildConfiguration;
			baseConfigurationReference = 769CA0C6BCAB752CA201D151 /* iOS-Framework.xcconfig */;
			buildSettings = {
				CODE_SIGN_IDENTITY = "$(CODE_SIGN_IDENTITY)";
				CODE_SIGN_STYLE = Manual;
				CURRENT_PROJECT_VERSION = 1;
				DEFINES_MODULE = YES;
				DEVELOPMENT_TEAM = "";
				DYLIB_COMPATIBILITY_VERSION = 1;
				DYLIB_CURRENT_VERSION = 1;
				DYLIB_INSTALL_NAME_BASE = "@rpath";
				INFOPLIST_FILE = "Derived/InfoPlists/RootFeature-Info.plist";
				INSTALL_PATH = "$(LOCAL_LIBRARY_DIR)/Frameworks";
				IPHONEOS_DEPLOYMENT_TARGET = 15.0;
				LD_RUNPATH_SEARCH_PATHS = (
					"$(inherited)",
					"@executable_path/Frameworks",
					"@loader_path/Frameworks",
				);
				MACH_O_TYPE = staticlib;
				OTHER_LDFLAGS = "$(inherited)";
				PRODUCT_BUNDLE_IDENTIFIER = com.devxsby.RootFeature;
				PRODUCT_NAME = RootFeature;
				SDKROOT = iphoneos;
				SKIP_INSTALL = YES;
				SUPPORTS_MACCATALYST = NO;
				SWIFT_ACTIVE_COMPILATION_CONDITIONS = DEBUG;
				SWIFT_COMPILATION_MODE = singlefile;
				SWIFT_OPTIMIZATION_LEVEL = "-Onone";
				SWIFT_VERSION = 5.0;
				TARGETED_DEVICE_FAMILY = 1;
				VERSIONING_SYSTEM = "apple-generic";
				VERSION_INFO_PREFIX = "";
			};
			name = Development;
		};
		DE09DDA5C114392D81FED4D3 /* Development */ = {
			isa = XCBuildConfiguration;
			baseConfigurationReference = 769CA0C6BCAB752CA201D151 /* iOS-Framework.xcconfig */;
			buildSettings = {
				CODE_SIGN_IDENTITY = "$(CODE_SIGN_IDENTITY)";
				CODE_SIGN_STYLE = Manual;
				CURRENT_PROJECT_VERSION = 1;
				DEFINES_MODULE = YES;
				DEVELOPMENT_TEAM = "";
				DYLIB_COMPATIBILITY_VERSION = 1;
				DYLIB_CURRENT_VERSION = 1;
				DYLIB_INSTALL_NAME_BASE = "@rpath";
				INFOPLIST_FILE = "Derived/InfoPlists/RootFeatureInterface-Info.plist";
				INSTALL_PATH = "$(LOCAL_LIBRARY_DIR)/Frameworks";
				IPHONEOS_DEPLOYMENT_TARGET = 15.0;
				LD_RUNPATH_SEARCH_PATHS = (
					"$(inherited)",
					"@executable_path/Frameworks",
					"@loader_path/Frameworks",
				);
				OTHER_LDFLAGS = "$(inherited)";
				PRODUCT_BUNDLE_IDENTIFIER = com.devxsby.RootFeatureInterface;
				PRODUCT_NAME = RootFeatureInterface;
				SDKROOT = iphoneos;
				SKIP_INSTALL = YES;
				SUPPORTS_MACCATALYST = NO;
				SWIFT_ACTIVE_COMPILATION_CONDITIONS = DEBUG;
				SWIFT_COMPILATION_MODE = singlefile;
				SWIFT_OPTIMIZATION_LEVEL = "-Onone";
				SWIFT_VERSION = 5.0;
				TARGETED_DEVICE_FAMILY = 1;
				VERSIONING_SYSTEM = "apple-generic";
				VERSION_INFO_PREFIX = "";
			};
			name = Development;
		};
		E2A4C09C588E281E304D7FB5 /* Release */ = {
			isa = XCBuildConfiguration;
			baseConfigurationReference = 769CA0C6BCAB752CA201D151 /* iOS-Framework.xcconfig */;
			buildSettings = {
				CODE_SIGN_IDENTITY = "$(CODE_SIGN_IDENTITY)";
				CODE_SIGN_STYLE = Manual;
				CURRENT_PROJECT_VERSION = 1;
				DEFINES_MODULE = YES;
				DEVELOPMENT_TEAM = "";
				DYLIB_COMPATIBILITY_VERSION = 1;
				DYLIB_CURRENT_VERSION = 1;
				DYLIB_INSTALL_NAME_BASE = "@rpath";
				INFOPLIST_FILE = "Derived/InfoPlists/RootFeatureInterface-Info.plist";
				INSTALL_PATH = "$(LOCAL_LIBRARY_DIR)/Frameworks";
				IPHONEOS_DEPLOYMENT_TARGET = 15.0;
				LD_RUNPATH_SEARCH_PATHS = (
					"$(inherited)",
					"@executable_path/Frameworks",
					"@loader_path/Frameworks",
				);
				OTHER_LDFLAGS = "$(inherited)";
				PRODUCT_BUNDLE_IDENTIFIER = com.devxsby.RootFeatureInterface;
				PRODUCT_NAME = RootFeatureInterface;
				SDKROOT = iphoneos;
				SKIP_INSTALL = YES;
				SUPPORTS_MACCATALYST = NO;
				SWIFT_COMPILATION_MODE = wholemodule;
				SWIFT_OPTIMIZATION_LEVEL = "-Owholemodule";
				SWIFT_VERSION = 5.0;
				TARGETED_DEVICE_FAMILY = 1;
				VERSIONING_SYSTEM = "apple-generic";
				VERSION_INFO_PREFIX = "";
			};
			name = Release;
		};
		FEA7E6A907B635FC923579CC /* Release */ = {
			isa = XCBuildConfiguration;
			baseConfigurationReference = 2DCDEC0ECFB4E9BD810661F9 /* Project-Release.xcconfig */;
			buildSettings = {
				ALWAYS_SEARCH_USER_PATHS = NO;
				CLANG_ANALYZER_LOCALIZABILITY_NONLOCALIZED = YES;
				CLANG_ANALYZER_NONNULL = YES;
				CLANG_ANALYZER_NUMBER_OBJECT_CONVERSION = YES_AGGRESSIVE;
				CLANG_CXX_LANGUAGE_STANDARD = "gnu++14";
				CLANG_CXX_LIBRARY = "libc++";
				CLANG_ENABLE_MODULES = YES;
				CLANG_ENABLE_OBJC_ARC = YES;
				CLANG_ENABLE_OBJC_WEAK = YES;
				CLANG_WARN_BLOCK_CAPTURE_AUTORELEASING = YES;
				CLANG_WARN_BOOL_CONVERSION = YES;
				CLANG_WARN_COMMA = YES;
				CLANG_WARN_CONSTANT_CONVERSION = YES;
				CLANG_WARN_DEPRECATED_OBJC_IMPLEMENTATIONS = YES;
				CLANG_WARN_DIRECT_OBJC_ISA_USAGE = YES_ERROR;
				CLANG_WARN_DOCUMENTATION_COMMENTS = YES;
				CLANG_WARN_EMPTY_BODY = YES;
				CLANG_WARN_ENUM_CONVERSION = YES;
				CLANG_WARN_INFINITE_RECURSION = YES;
				CLANG_WARN_INT_CONVERSION = YES;
				CLANG_WARN_NON_LITERAL_NULL_CONVERSION = YES;
				CLANG_WARN_OBJC_IMPLICIT_RETAIN_SELF = YES;
				CLANG_WARN_OBJC_LITERAL_CONVERSION = YES;
				CLANG_WARN_OBJC_ROOT_CLASS = YES_ERROR;
				CLANG_WARN_QUOTED_INCLUDE_IN_FRAMEWORK_HEADER = YES;
				CLANG_WARN_RANGE_LOOP_ANALYSIS = YES;
				CLANG_WARN_STRICT_PROTOTYPES = YES;
				CLANG_WARN_SUSPICIOUS_MOVE = YES;
				CLANG_WARN_UNGUARDED_AVAILABILITY = YES_AGGRESSIVE;
				CLANG_WARN_UNREACHABLE_CODE = YES;
				CLANG_WARN__DUPLICATE_METHOD_MATCH = YES;
				COPY_PHASE_STRIP = NO;
				DEAD_CODE_STRIPPING = YES;
				DEBUG_INFORMATION_FORMAT = "dwarf-with-dsym";
				ENABLE_NS_ASSERTIONS = NO;
				ENABLE_STRICT_OBJC_MSGSEND = YES;
				GCC_C_LANGUAGE_STANDARD = gnu11;
				GCC_NO_COMMON_BLOCKS = YES;
				GCC_WARN_64_TO_32_BIT_CONVERSION = YES;
				GCC_WARN_ABOUT_RETURN_TYPE = YES_ERROR;
				GCC_WARN_UNDECLARED_SELECTOR = YES;
				GCC_WARN_UNINITIALIZED_AUTOS = YES_AGGRESSIVE;
				GCC_WARN_UNUSED_FUNCTION = YES;
				GCC_WARN_UNUSED_VARIABLE = YES;
				MTL_ENABLE_DEBUG_INFO = NO;
				PRODUCT_NAME = "$(TARGET_NAME)";
				VALIDATE_PRODUCT = YES;
			};
			name = Release;
		};
/* End XCBuildConfiguration section */

/* Begin XCConfigurationList section */
		2B439DE758E0CDAD86F3302A /* Build configuration list for PBXProject "RootFeature" */ = {
			isa = XCConfigurationList;
			buildConfigurations = (
				7721A92BE15F7D0F347A0DB4 /* Development */,
				FEA7E6A907B635FC923579CC /* Release */,
			);
			defaultConfigurationIsVisible = 0;
			defaultConfigurationName = Release;
		};
		4083392BB57D378861F3D3F5 /* Build configuration list for PBXNativeTarget "RootFeatureInterface" */ = {
			isa = XCConfigurationList;
			buildConfigurations = (
				DE09DDA5C114392D81FED4D3 /* Development */,
				E2A4C09C588E281E304D7FB5 /* Release */,
			);
			defaultConfigurationIsVisible = 0;
			defaultConfigurationName = Release;
		};
		7538150E608D93186AD164ED /* Build configuration list for PBXNativeTarget "RootFeatureTests" */ = {
			isa = XCConfigurationList;
			buildConfigurations = (
				1D992DA5C85FF5E46066A856 /* Development */,
				455BA0AF48DB9A9BD4B60122 /* Release */,
			);
			defaultConfigurationIsVisible = 0;
			defaultConfigurationName = Release;
		};
		9A14F4430C17425558B0DE89 /* Build configuration list for PBXNativeTarget "RootFeature" */ = {
			isa = XCConfigurationList;
			buildConfigurations = (
				7E05A027A5C5B1817C20EDE6 /* Development */,
				080C54871F9BF2CA6AC948E9 /* Release */,
			);
			defaultConfigurationIsVisible = 0;
			defaultConfigurationName = Release;
		};
/* End XCConfigurationList section */
	};
	rootObject = E24AE4A89230BDE7BCBA0E4C /* Project object */;
}
