// !$*UTF8*$!
{
	archiveVersion = 1;
	classes = {
	};
	objectVersion = 50;
	objects = {

/* Begin PBXBuildFile section */
		0600C9EAC0C2998ABD691B21 /* Launch Screen.storyboard in Resources */ = {isa = PBXBuildFile; fileRef = 5F4DA18BF8E3637406869550 /* Launch Screen.storyboard */; };
		0B1EC2B93657107BFD49B25C /* Network.framework in Frameworks */ = {isa = PBXBuildFile; fileRef = AEC4D4D622D498889D1E4AAD /* Network.framework */; platformFilter = ios; };
		0F358820FBCBCBF5BC2B7CED /* Domain.framework in Embed Frameworks */ = {isa = PBXBuildFile; fileRef = 7710EA4E174C2A2EBCFCF080 /* Domain.framework */; platformFilter = ios; settings = {ATTRIBUTES = (CodeSignOnCopy, RemoveHeadersOnCopy, ); }; };
		13A229EF32FECFAD3DF8686E /* RootFeature.framework in Frameworks */ = {isa = PBXBuildFile; fileRef = 9D1B12E7F8EAB280AEC9636B /* RootFeature.framework */; platformFilter = ios; };
		171F46C0C86D80F0E18B9657 /* SceneDelegate.swift in Sources */ = {isa = PBXBuildFile; fileRef = A8A5AEC099C67548A2397746 /* SceneDelegate.swift */; };
		1B3F18243C0E6D6D488D9902 /* MainFeatureInterface.framework in Embed Frameworks */ = {isa = PBXBuildFile; fileRef = F30A135F6838DDF2FFA890F1 /* MainFeatureInterface.framework */; platformFilter = ios; settings = {ATTRIBUTES = (CodeSignOnCopy, RemoveHeadersOnCopy, ); }; };
		1C5A1A327B246A393F1B6CB0 /* MainFeature.framework in Frameworks */ = {isa = PBXBuildFile; fileRef = 089453EB7E729A8BE749990B /* MainFeature.framework */; platformFilter = ios; };
		1E2603E472B94E2F01DE579D /* UnitTest.swift in Sources */ = {isa = PBXBuildFile; fileRef = AE0A0F579742FC9DD70AE1D5 /* UnitTest.swift */; };
		229FA8DACA2B72C94B6835BD /* BankingFeatureInterface.framework in Embed Frameworks */ = {isa = PBXBuildFile; fileRef = 54D04A00E63A5F3A4C13CC7D /* BankingFeatureInterface.framework */; platformFilter = ios; settings = {ATTRIBUTES = (CodeSignOnCopy, RemoveHeadersOnCopy, ); }; };
		2512F33E26AD2C8E9753EB6A /* RootFeatureInterface.framework in Frameworks */ = {isa = PBXBuildFile; fileRef = EEFF34317F371960DCBB244E /* RootFeatureInterface.framework */; platformFilter = ios; };
		345CC192449912F980A76F27 /* ThirdPartyLibs.framework in Embed Frameworks */ = {isa = PBXBuildFile; fileRef = E6F6CD8FDB352183E3BF3940 /* ThirdPartyLibs.framework */; platformFilter = ios; settings = {ATTRIBUTES = (CodeSignOnCopy, RemoveHeadersOnCopy, ); }; };
		36154213FA53C84ECF5DC5F3 /* WaitingFeatureInterface.framework in Embed Frameworks */ = {isa = PBXBuildFile; fileRef = 98E5C2187AD347BA0F55638D /* WaitingFeatureInterface.framework */; platformFilter = ios; settings = {ATTRIBUTES = (CodeSignOnCopy, RemoveHeadersOnCopy, ); }; };
		398D01CD321E45EBE112C30C /* Core.framework in Embed Frameworks */ = {isa = PBXBuildFile; fileRef = 25892E1577923573553D8028 /* Core.framework */; platformFilter = ios; settings = {ATTRIBUTES = (CodeSignOnCopy, RemoveHeadersOnCopy, ); }; };
		3BE92A35479D957929AE3248 /* Data.framework in Frameworks */ = {isa = PBXBuildFile; fileRef = 917EF944EF127543103F134E /* Data.framework */; platformFilter = ios; };
		44B5E9EFB4236FAFFF0F0AD0 /* TuistBundle+BankAppTests.swift in Sources */ = {isa = PBXBuildFile; fileRef = C9597248CDBCB83E0D0EF59A /* TuistBundle+BankAppTests.swift */; };
		481159EDA61F010087B2367F /* DSKit.framework in Embed Frameworks */ = {isa = PBXBuildFile; fileRef = 8FAA39DC58B43A8FBC647AF8 /* DSKit.framework */; platformFilter = ios; settings = {ATTRIBUTES = (CodeSignOnCopy, RemoveHeadersOnCopy, ); }; };
		4BF4B69B55DEC6FF5B8995E5 /* DataBase.framework in Frameworks */ = {isa = PBXBuildFile; fileRef = C4E9759BF8A943CED323616C /* DataBase.framework */; platformFilter = ios; };
		4C1905698C4610D9626FABAF /* BaseFeatureDependency.framework in Embed Frameworks */ = {isa = PBXBuildFile; fileRef = F5EA882A3CA6474F38536CFB /* BaseFeatureDependency.framework */; platformFilter = ios; settings = {ATTRIBUTES = (CodeSignOnCopy, RemoveHeadersOnCopy, ); }; };
		53BE628E77ABA72F3DECF146 /* WaitingFeatureInterface.framework in Frameworks */ = {isa = PBXBuildFile; fileRef = 98E5C2187AD347BA0F55638D /* WaitingFeatureInterface.framework */; platformFilter = ios; };
		54236CB417477F6BE31DA38D /* TuistBundle+BankApp.swift in Sources */ = {isa = PBXBuildFile; fileRef = 62A84B8E69CD16F64A0FEAA9 /* TuistBundle+BankApp.swift */; };
		731D68A05A96158CB46B3CD8 /* TuistAssets+BankApp.swift in Sources */ = {isa = PBXBuildFile; fileRef = 2B5A9AF6B62F2FCFDCD1DE6B /* TuistAssets+BankApp.swift */; };
		7842362317F4D31F7B1D8795 /* MainFeatureInterface.framework in Frameworks */ = {isa = PBXBuildFile; fileRef = F30A135F6838DDF2FFA890F1 /* MainFeatureInterface.framework */; platformFilter = ios; };
		80036AD7B39AC348A668D317 /* BankingFeature.framework in Frameworks */ = {isa = PBXBuildFile; fileRef = EC94E50318FF815B6A300CBC /* BankingFeature.framework */; platformFilter = ios; };
		8AAFFD7802B2CA8ECFE78DB3 /* SettingFeatureInterface.framework in Embed Frameworks */ = {isa = PBXBuildFile; fileRef = 1306459163F20445D373BEDD /* SettingFeatureInterface.framework */; platformFilter = ios; settings = {ATTRIBUTES = (CodeSignOnCopy, RemoveHeadersOnCopy, ); }; };
		9094A2EE88FEC15D86F7C2D5 /* BankingFeatureInterface.framework in Frameworks */ = {isa = PBXBuildFile; fileRef = 54D04A00E63A5F3A4C13CC7D /* BankingFeatureInterface.framework */; platformFilter = ios; };
		923614E0A8840C513BD4192E /* Core.framework in Frameworks */ = {isa = PBXBuildFile; fileRef = 25892E1577923573553D8028 /* Core.framework */; platformFilter = ios; };
		9D94CCF90B6FFF497E5FFFA8 /* SettingFeatureInterface.framework in Frameworks */ = {isa = PBXBuildFile; fileRef = 1306459163F20445D373BEDD /* SettingFeatureInterface.framework */; platformFilter = ios; };
		AFE31C2979D2FC5D381F776B /* RootFeatureInterface.framework in Embed Frameworks */ = {isa = PBXBuildFile; fileRef = EEFF34317F371960DCBB244E /* RootFeatureInterface.framework */; platformFilter = ios; settings = {ATTRIBUTES = (CodeSignOnCopy, RemoveHeadersOnCopy, ); }; };
		D2144879B66E01F3B304E509 /* Assets.xcassets in Resources */ = {isa = PBXBuildFile; fileRef = F932799BD6DAD7D064CAA66A /* Assets.xcassets */; };
		D219B9E19F888F21546FBA24 /* SettingFeature.framework in Frameworks */ = {isa = PBXBuildFile; fileRef = 5C239AA4D02AE251B6DCF36C /* SettingFeature.framework */; platformFilter = ios; };
		D36B18F4E40D297B97DD10F3 /* DIContainer.swift in Sources */ = {isa = PBXBuildFile; fileRef = 4ADD1B2975E801ECCF2712F4 /* DIContainer.swift */; };
		E3A265234E9D01DCAFE24070 /* AppDelegate.swift in Sources */ = {isa = PBXBuildFile; fileRef = 6E86D50D1590294FD35CF56A /* AppDelegate.swift */; };
		E79B636A40FEE2B4802D2329 /* dummy.txt in Resources */ = {isa = PBXBuildFile; fileRef = 94A918935F87258A9A80A7B7 /* dummy.txt */; };
		F2089AFC7D8B9632A01B84DB /* Domain.framework in Frameworks */ = {isa = PBXBuildFile; fileRef = 7710EA4E174C2A2EBCFCF080 /* Domain.framework */; platformFilter = ios; };
		FE834A3BE5121D6205E8B822 /* WaitingFeature.framework in Frameworks */ = {isa = PBXBuildFile; fileRef = 4980D878C2364C62BE9EA868 /* WaitingFeature.framework */; platformFilter = ios; };
/* End PBXBuildFile section */

/* Begin PBXCopyFilesBuildPhase section */
		435894FB7F7FCDE4E72725E3 /* Embed Frameworks */ = {
			isa = PBXCopyFilesBuildPhase;
			buildActionMask = 2147483647;
			dstPath = "";
			dstSubfolderSpec = 10;
			files = (
			);
			name = "Embed Frameworks";
			runOnlyForDeploymentPostprocessing = 0;
		};
		F67DA2246892DBEFE13DA02D /* Embed Frameworks */ = {
			isa = PBXCopyFilesBuildPhase;
			buildActionMask = 2147483647;
			dstPath = "";
			dstSubfolderSpec = 10;
			files = (
				229FA8DACA2B72C94B6835BD /* BankingFeatureInterface.framework in Embed Frameworks */,
				4C1905698C4610D9626FABAF /* BaseFeatureDependency.framework in Embed Frameworks */,
				398D01CD321E45EBE112C30C /* Core.framework in Embed Frameworks */,
				481159EDA61F010087B2367F /* DSKit.framework in Embed Frameworks */,
				0F358820FBCBCBF5BC2B7CED /* Domain.framework in Embed Frameworks */,
				1B3F18243C0E6D6D488D9902 /* MainFeatureInterface.framework in Embed Frameworks */,
				AFE31C2979D2FC5D381F776B /* RootFeatureInterface.framework in Embed Frameworks */,
				8AAFFD7802B2CA8ECFE78DB3 /* SettingFeatureInterface.framework in Embed Frameworks */,
				345CC192449912F980A76F27 /* ThirdPartyLibs.framework in Embed Frameworks */,
				36154213FA53C84ECF5DC5F3 /* WaitingFeatureInterface.framework in Embed Frameworks */,
			);
			name = "Embed Frameworks";
			runOnlyForDeploymentPostprocessing = 0;
		};
/* End PBXCopyFilesBuildPhase section */

/* Begin PBXFileReference section */
		089453EB7E729A8BE749990B /* MainFeature.framework */ = {isa = PBXFileReference; explicitFileType = wrapper.framework; includeInIndex = 0; path = MainFeature.framework; sourceTree = BUILT_PRODUCTS_DIR; };
		0F298D38E1BB9523AA49D9AC /* Project-Release.xcconfig */ = {isa = PBXFileReference; lastKnownFileType = text.xcconfig; path = "Project-Release.xcconfig"; sourceTree = "<group>"; };
		1306459163F20445D373BEDD /* SettingFeatureInterface.framework */ = {isa = PBXFileReference; explicitFileType = wrapper.framework; includeInIndex = 0; path = SettingFeatureInterface.framework; sourceTree = BUILT_PRODUCTS_DIR; };
		25892E1577923573553D8028 /* Core.framework */ = {isa = PBXFileReference; explicitFileType = wrapper.framework; includeInIndex = 0; path = Core.framework; sourceTree = BUILT_PRODUCTS_DIR; };
		2B5A9AF6B62F2FCFDCD1DE6B /* TuistAssets+BankApp.swift */ = {isa = PBXFileReference; lastKnownFileType = sourcecode.swift; path = "TuistAssets+BankApp.swift"; sourceTree = "<group>"; };
		4980D878C2364C62BE9EA868 /* WaitingFeature.framework */ = {isa = PBXFileReference; explicitFileType = wrapper.framework; includeInIndex = 0; path = WaitingFeature.framework; sourceTree = BUILT_PRODUCTS_DIR; };
		4ADD1B2975E801ECCF2712F4 /* DIContainer.swift */ = {isa = PBXFileReference; lastKnownFileType = sourcecode.swift; path = DIContainer.swift; sourceTree = "<group>"; };
		4FAB27AFA7FD0B7007BF7CC9 /* BankApp-Info.plist */ = {isa = PBXFileReference; lastKnownFileType = text.plist; path = "BankApp-Info.plist"; sourceTree = "<group>"; };
		522CE043515A527FDB618230 /* BankAppTests.xctest */ = {isa = PBXFileReference; explicitFileType = wrapper.cfbundle; includeInIndex = 0; path = BankAppTests.xctest; sourceTree = BUILT_PRODUCTS_DIR; };
		54D04A00E63A5F3A4C13CC7D /* BankingFeatureInterface.framework */ = {isa = PBXFileReference; explicitFileType = wrapper.framework; includeInIndex = 0; path = BankingFeatureInterface.framework; sourceTree = BUILT_PRODUCTS_DIR; };
		5C239AA4D02AE251B6DCF36C /* SettingFeature.framework */ = {isa = PBXFileReference; explicitFileType = wrapper.framework; includeInIndex = 0; path = SettingFeature.framework; sourceTree = BUILT_PRODUCTS_DIR; };
		5F4DA18BF8E3637406869550 /* Launch Screen.storyboard */ = {isa = PBXFileReference; lastKnownFileType = file.storyboard; path = "Launch Screen.storyboard"; sourceTree = "<group>"; };
		62A84B8E69CD16F64A0FEAA9 /* TuistBundle+BankApp.swift */ = {isa = PBXFileReference; lastKnownFileType = sourcecode.swift; path = "TuistBundle+BankApp.swift"; sourceTree = "<group>"; };
		6E86D50D1590294FD35CF56A /* AppDelegate.swift */ = {isa = PBXFileReference; lastKnownFileType = sourcecode.swift; path = AppDelegate.swift; sourceTree = "<group>"; };
		70B6DEEF4F9AC889B86B567D /* BankApp.app */ = {isa = PBXFileReference; explicitFileType = wrapper.application; includeInIndex = 0; path = BankApp.app; sourceTree = BUILT_PRODUCTS_DIR; };
		7710EA4E174C2A2EBCFCF080 /* Domain.framework */ = {isa = PBXFileReference; explicitFileType = wrapper.framework; includeInIndex = 0; path = Domain.framework; sourceTree = BUILT_PRODUCTS_DIR; };
		87F354365A43744E44B677C9 /* Project-Development.xcconfig */ = {isa = PBXFileReference; lastKnownFileType = text.xcconfig; path = "Project-Development.xcconfig"; sourceTree = "<group>"; };
		8FAA39DC58B43A8FBC647AF8 /* DSKit.framework */ = {isa = PBXFileReference; explicitFileType = wrapper.framework; includeInIndex = 0; path = DSKit.framework; sourceTree = BUILT_PRODUCTS_DIR; };
		917EF944EF127543103F134E /* Data.framework */ = {isa = PBXFileReference; explicitFileType = wrapper.framework; includeInIndex = 0; path = Data.framework; sourceTree = BUILT_PRODUCTS_DIR; };
		94A918935F87258A9A80A7B7 /* dummy.txt */ = {isa = PBXFileReference; lastKnownFileType = text; path = dummy.txt; sourceTree = "<group>"; };
		98E5C2187AD347BA0F55638D /* WaitingFeatureInterface.framework */ = {isa = PBXFileReference; explicitFileType = wrapper.framework; includeInIndex = 0; path = WaitingFeatureInterface.framework; sourceTree = BUILT_PRODUCTS_DIR; };
		9D1B12E7F8EAB280AEC9636B /* RootFeature.framework */ = {isa = PBXFileReference; explicitFileType = wrapper.framework; includeInIndex = 0; path = RootFeature.framework; sourceTree = BUILT_PRODUCTS_DIR; };
		A4A330E4DA43B044D75AA3EE /* BankAppTests-Info.plist */ = {isa = PBXFileReference; lastKnownFileType = text.plist; path = "BankAppTests-Info.plist"; sourceTree = "<group>"; };
		A8A5AEC099C67548A2397746 /* SceneDelegate.swift */ = {isa = PBXFileReference; lastKnownFileType = sourcecode.swift; path = SceneDelegate.swift; sourceTree = "<group>"; };
		AE0A0F579742FC9DD70AE1D5 /* UnitTest.swift */ = {isa = PBXFileReference; lastKnownFileType = sourcecode.swift; path = UnitTest.swift; sourceTree = "<group>"; };
		AEC4D4D622D498889D1E4AAD /* Network.framework */ = {isa = PBXFileReference; explicitFileType = wrapper.framework; includeInIndex = 0; path = Network.framework; sourceTree = BUILT_PRODUCTS_DIR; };
		C35861FD6DE97E33F1D0785B /* iOS-Tests.xcconfig */ = {isa = PBXFileReference; lastKnownFileType = text.xcconfig; path = "iOS-Tests.xcconfig"; sourceTree = "<group>"; };
		C4E9759BF8A943CED323616C /* DataBase.framework */ = {isa = PBXFileReference; explicitFileType = wrapper.framework; includeInIndex = 0; path = DataBase.framework; sourceTree = BUILT_PRODUCTS_DIR; };
		C9597248CDBCB83E0D0EF59A /* TuistBundle+BankAppTests.swift */ = {isa = PBXFileReference; lastKnownFileType = sourcecode.swift; path = "TuistBundle+BankAppTests.swift"; sourceTree = "<group>"; };
		E6F6CD8FDB352183E3BF3940 /* ThirdPartyLibs.framework */ = {isa = PBXFileReference; explicitFileType = wrapper.framework; includeInIndex = 0; path = ThirdPartyLibs.framework; sourceTree = BUILT_PRODUCTS_DIR; };
		EC94E50318FF815B6A300CBC /* BankingFeature.framework */ = {isa = PBXFileReference; explicitFileType = wrapper.framework; includeInIndex = 0; path = BankingFeature.framework; sourceTree = BUILT_PRODUCTS_DIR; };
		EEFF34317F371960DCBB244E /* RootFeatureInterface.framework */ = {isa = PBXFileReference; explicitFileType = wrapper.framework; includeInIndex = 0; path = RootFeatureInterface.framework; sourceTree = BUILT_PRODUCTS_DIR; };
		F30A135F6838DDF2FFA890F1 /* MainFeatureInterface.framework */ = {isa = PBXFileReference; explicitFileType = wrapper.framework; includeInIndex = 0; path = MainFeatureInterface.framework; sourceTree = BUILT_PRODUCTS_DIR; };
		F5EA882A3CA6474F38536CFB /* BaseFeatureDependency.framework */ = {isa = PBXFileReference; explicitFileType = wrapper.framework; includeInIndex = 0; path = BaseFeatureDependency.framework; sourceTree = BUILT_PRODUCTS_DIR; };
		F932799BD6DAD7D064CAA66A /* Assets.xcassets */ = {isa = PBXFileReference; lastKnownFileType = folder.assetcatalog; path = Assets.xcassets; sourceTree = "<group>"; };
/* End PBXFileReference section */

/* Begin PBXFrameworksBuildPhase section */
		2DC89F8C0A1CBA8D5971C83D /* Frameworks */ = {
			isa = PBXFrameworksBuildPhase;
			buildActionMask = 2147483647;
			files = (
				80036AD7B39AC348A668D317 /* BankingFeature.framework in Frameworks */,
				9094A2EE88FEC15D86F7C2D5 /* BankingFeatureInterface.framework in Frameworks */,
				923614E0A8840C513BD4192E /* Core.framework in Frameworks */,
				3BE92A35479D957929AE3248 /* Data.framework in Frameworks */,
				4BF4B69B55DEC6FF5B8995E5 /* DataBase.framework in Frameworks */,
				F2089AFC7D8B9632A01B84DB /* Domain.framework in Frameworks */,
				1C5A1A327B246A393F1B6CB0 /* MainFeature.framework in Frameworks */,
				7842362317F4D31F7B1D8795 /* MainFeatureInterface.framework in Frameworks */,
				0B1EC2B93657107BFD49B25C /* Network.framework in Frameworks */,
				13A229EF32FECFAD3DF8686E /* RootFeature.framework in Frameworks */,
				2512F33E26AD2C8E9753EB6A /* RootFeatureInterface.framework in Frameworks */,
				D219B9E19F888F21546FBA24 /* SettingFeature.framework in Frameworks */,
				9D94CCF90B6FFF497E5FFFA8 /* SettingFeatureInterface.framework in Frameworks */,
				FE834A3BE5121D6205E8B822 /* WaitingFeature.framework in Frameworks */,
				53BE628E77ABA72F3DECF146 /* WaitingFeatureInterface.framework in Frameworks */,
			);
			runOnlyForDeploymentPostprocessing = 0;
		};
		BFA574603D5730E2C60A63B9 /* Frameworks */ = {
			isa = PBXFrameworksBuildPhase;
			buildActionMask = 2147483647;
			files = (
			);
			runOnlyForDeploymentPostprocessing = 0;
		};
/* End PBXFrameworksBuildPhase section */

/* Begin PBXGroup section */
		00FFD51DD0D973C7689FEA55 /* ModuleFactory */ = {
			isa = PBXGroup;
			children = (
				4ADD1B2975E801ECCF2712F4 /* DIContainer.swift */,
			);
			path = ModuleFactory;
			sourceTree = "<group>";
		};
		2A37900E0532B2E2BB5C5674 /* Base */ = {
			isa = PBXGroup;
			children = (
				6C549603CE7631A1070AC9E8 /* Projects */,
			);
			path = Base;
			sourceTree = "<group>";
		};
		2BDD819183AC089A4CAEC94D /* Sources */ = {
			isa = PBXGroup;
			children = (
				5FE91602DEE9416CCC2A55D3 /* Application */,
				00FFD51DD0D973C7689FEA55 /* ModuleFactory */,
			);
			path = Sources;
			sourceTree = "<group>";
		};
		36AAF67D52218441A3182DC3 /* Frameworks */ = {
			isa = PBXGroup;
			children = (
			);
			name = Frameworks;
			sourceTree = "<group>";
		};
		5FE91602DEE9416CCC2A55D3 /* Application */ = {
			isa = PBXGroup;
			children = (
				6E86D50D1590294FD35CF56A /* AppDelegate.swift */,
				A8A5AEC099C67548A2397746 /* SceneDelegate.swift */,
			);
			path = Application;
			sourceTree = "<group>";
		};
		6C549603CE7631A1070AC9E8 /* Projects */ = {
			isa = PBXGroup;
			children = (
				87F354365A43744E44B677C9 /* Project-Development.xcconfig */,
				0F298D38E1BB9523AA49D9AC /* Project-Release.xcconfig */,
			);
			path = Projects;
			sourceTree = "<group>";
		};
		71062E1E4FB27ABD388D6A43 /* xcconfigs */ = {
			isa = PBXGroup;
			children = (
				2A37900E0532B2E2BB5C5674 /* Base */,
				92B82CBE9B9AC4E3D604D5C9 /* targets */,
			);
			name = xcconfigs;
			path = ../../xcconfigs;
			sourceTree = "<group>";
		};
		8272A29D1288067FD04D4C2A /* Sources */ = {
			isa = PBXGroup;
			children = (
				AE0A0F579742FC9DD70AE1D5 /* UnitTest.swift */,
			);
			path = Sources;
			sourceTree = "<group>";
		};
		8D6AD36F533E13F19107BB31 /* Project */ = {
			isa = PBXGroup;
			children = (
				C6672707D4BA8DC1185F222C /* Derived */,
				E32712D08F85F085C29BDA23 /* Resources */,
				2BDD819183AC089A4CAEC94D /* Sources */,
				ABC57C18847B4E1C276E70F4 /* Tests */,
				71062E1E4FB27ABD388D6A43 /* xcconfigs */,
			);
			name = Project;
			sourceTree = "<group>";
		};
		92B82CBE9B9AC4E3D604D5C9 /* targets */ = {
			isa = PBXGroup;
			children = (
				C35861FD6DE97E33F1D0785B /* iOS-Tests.xcconfig */,
			);
			path = targets;
			sourceTree = "<group>";
		};
		9A000FE130C9CA019AF7CF4E /* Resources */ = {
			isa = PBXGroup;
			children = (
				94A918935F87258A9A80A7B7 /* dummy.txt */,
			);
			path = Resources;
			sourceTree = "<group>";
		};
		A40F7450752F573C7942C5FE = {
			isa = PBXGroup;
			children = (
				8D6AD36F533E13F19107BB31 /* Project */,
				36AAF67D52218441A3182DC3 /* Frameworks */,
				A8B86B16A7108D216EE761BA /* Products */,
			);
			sourceTree = "<group>";
		};
		A8B86B16A7108D216EE761BA /* Products */ = {
			isa = PBXGroup;
			children = (
				70B6DEEF4F9AC889B86B567D /* BankApp.app */,
				522CE043515A527FDB618230 /* BankAppTests.xctest */,
				EC94E50318FF815B6A300CBC /* BankingFeature.framework */,
				54D04A00E63A5F3A4C13CC7D /* BankingFeatureInterface.framework */,
				F5EA882A3CA6474F38536CFB /* BaseFeatureDependency.framework */,
				25892E1577923573553D8028 /* Core.framework */,
				917EF944EF127543103F134E /* Data.framework */,
				C4E9759BF8A943CED323616C /* DataBase.framework */,
				7710EA4E174C2A2EBCFCF080 /* Domain.framework */,
				8FAA39DC58B43A8FBC647AF8 /* DSKit.framework */,
				089453EB7E729A8BE749990B /* MainFeature.framework */,
				F30A135F6838DDF2FFA890F1 /* MainFeatureInterface.framework */,
				AEC4D4D622D498889D1E4AAD /* Network.framework */,
				9D1B12E7F8EAB280AEC9636B /* RootFeature.framework */,
				EEFF34317F371960DCBB244E /* RootFeatureInterface.framework */,
				5C239AA4D02AE251B6DCF36C /* SettingFeature.framework */,
				1306459163F20445D373BEDD /* SettingFeatureInterface.framework */,
				E6F6CD8FDB352183E3BF3940 /* ThirdPartyLibs.framework */,
				4980D878C2364C62BE9EA868 /* WaitingFeature.framework */,
				98E5C2187AD347BA0F55638D /* WaitingFeatureInterface.framework */,
			);
			name = Products;
			sourceTree = "<group>";
		};
		ABC57C18847B4E1C276E70F4 /* Tests */ = {
			isa = PBXGroup;
			children = (
				9A000FE130C9CA019AF7CF4E /* Resources */,
				8272A29D1288067FD04D4C2A /* Sources */,
			);
			path = Tests;
			sourceTree = "<group>";
		};
		BC050C0EFF96AC6370CA70CB /* InfoPlists */ = {
			isa = PBXGroup;
			children = (
				4FAB27AFA7FD0B7007BF7CC9 /* BankApp-Info.plist */,
				A4A330E4DA43B044D75AA3EE /* BankAppTests-Info.plist */,
			);
			path = InfoPlists;
			sourceTree = "<group>";
		};
		BEBB910BA8685D0E2C79D432 /* Sources */ = {
			isa = PBXGroup;
			children = (
				2B5A9AF6B62F2FCFDCD1DE6B /* TuistAssets+BankApp.swift */,
				62A84B8E69CD16F64A0FEAA9 /* TuistBundle+BankApp.swift */,
				C9597248CDBCB83E0D0EF59A /* TuistBundle+BankAppTests.swift */,
			);
			path = Sources;
			sourceTree = "<group>";
		};
		C6672707D4BA8DC1185F222C /* Derived */ = {
			isa = PBXGroup;
			children = (
				BC050C0EFF96AC6370CA70CB /* InfoPlists */,
				BEBB910BA8685D0E2C79D432 /* Sources */,
			);
			path = Derived;
			sourceTree = "<group>";
		};
		E32712D08F85F085C29BDA23 /* Resources */ = {
			isa = PBXGroup;
			children = (
				F932799BD6DAD7D064CAA66A /* Assets.xcassets */,
				5F4DA18BF8E3637406869550 /* Launch Screen.storyboard */,
			);
			path = Resources;
			sourceTree = "<group>";
		};
/* End PBXGroup section */

/* Begin PBXNativeTarget section */
		2D6699ED5B36BF5A1B722AAC /* BankAppTests */ = {
			isa = PBXNativeTarget;
			buildConfigurationList = 6BBEE7D011F7086CA2296376 /* Build configuration list for PBXNativeTarget "BankAppTests" */;
			buildPhases = (
				8648F273C6ADD2B94AD0FDD7 /* Sources */,
				5552F4D9B1A30B92024F9766 /* Resources */,
				435894FB7F7FCDE4E72725E3 /* Embed Frameworks */,
				BFA574603D5730E2C60A63B9 /* Frameworks */,
			);
			buildRules = (
			);
			dependencies = (
			);
			name = BankAppTests;
			productName = BankAppTests;
			productReference = 522CE043515A527FDB618230 /* BankAppTests.xctest */;
			productType = "com.apple.product-type.bundle.unit-test";
		};
		E7A7A9399E93CA28FC3C7513 /* BankApp */ = {
			isa = PBXNativeTarget;
			buildConfigurationList = EE68596D44AC48986D2F64AF /* Build configuration list for PBXNativeTarget "BankApp" */;
			buildPhases = (
				CA72ACE896EBF759426A9FC4 /* Sources */,
				CF0C2CC0BFB910661A021D24 /* Resources */,
				F67DA2246892DBEFE13DA02D /* Embed Frameworks */,
				2DC89F8C0A1CBA8D5971C83D /* Frameworks */,
			);
			buildRules = (
			);
			dependencies = (
			);
			name = BankApp;
			productName = BankApp;
			productReference = 70B6DEEF4F9AC889B86B567D /* BankApp.app */;
			productType = "com.apple.product-type.application";
		};
/* End PBXNativeTarget section */

/* Begin PBXProject section */
		ABA808C5D412CABC48B578FF /* Project object */ = {
			isa = PBXProject;
			attributes = {
				ORGANIZATIONNAME = BankApp;
				TargetAttributes = {
				};
			};
			buildConfigurationList = 3DEB96D8CF0AF4A6ACC242CD /* Build configuration list for PBXProject "BankApp" */;
			compatibilityVersion = "Xcode 13.0";
			developmentRegion = en;
			hasScannedForEncodings = 0;
			knownRegions = (
				Base,
				en,
			);
			mainGroup = A40F7450752F573C7942C5FE;
			productRefGroup = A8B86B16A7108D216EE761BA /* Products */;
			projectDirPath = "";
			projectRoot = "";
			targets = (
				E7A7A9399E93CA28FC3C7513 /* BankApp */,
				2D6699ED5B36BF5A1B722AAC /* BankAppTests */,
			);
		};
/* End PBXProject section */

/* Begin PBXResourcesBuildPhase section */
		5552F4D9B1A30B92024F9766 /* Resources */ = {
			isa = PBXResourcesBuildPhase;
			buildActionMask = 2147483647;
			files = (
				E79B636A40FEE2B4802D2329 /* dummy.txt in Resources */,
			);
			runOnlyForDeploymentPostprocessing = 0;
		};
		CF0C2CC0BFB910661A021D24 /* Resources */ = {
			isa = PBXResourcesBuildPhase;
			buildActionMask = 2147483647;
			files = (
				D2144879B66E01F3B304E509 /* Assets.xcassets in Resources */,
				0600C9EAC0C2998ABD691B21 /* Launch Screen.storyboard in Resources */,
			);
			runOnlyForDeploymentPostprocessing = 0;
		};
/* End PBXResourcesBuildPhase section */

/* Begin PBXSourcesBuildPhase section */
		8648F273C6ADD2B94AD0FDD7 /* Sources */ = {
			isa = PBXSourcesBuildPhase;
			buildActionMask = 2147483647;
			files = (
				44B5E9EFB4236FAFFF0F0AD0 /* TuistBundle+BankAppTests.swift in Sources */,
				1E2603E472B94E2F01DE579D /* UnitTest.swift in Sources */,
			);
			runOnlyForDeploymentPostprocessing = 0;
		};
		CA72ACE896EBF759426A9FC4 /* Sources */ = {
			isa = PBXSourcesBuildPhase;
			buildActionMask = 2147483647;
			files = (
				731D68A05A96158CB46B3CD8 /* TuistAssets+BankApp.swift in Sources */,
				54236CB417477F6BE31DA38D /* TuistBundle+BankApp.swift in Sources */,
				E3A265234E9D01DCAFE24070 /* AppDelegate.swift in Sources */,
				171F46C0C86D80F0E18B9657 /* SceneDelegate.swift in Sources */,
				D36B18F4E40D297B97DD10F3 /* DIContainer.swift in Sources */,
			);
			runOnlyForDeploymentPostprocessing = 0;
		};
/* End PBXSourcesBuildPhase section */

/* Begin XCBuildConfiguration section */
		08C5CFFF9F682EE5BD38C310 /* Release */ = {
			isa = XCBuildConfiguration;
			baseConfigurationReference = 0F298D38E1BB9523AA49D9AC /* Project-Release.xcconfig */;
			buildSettings = {
				ASSETCATALOG_COMPILER_APPICON_NAME = AppIcon;
				CODE_SIGN_IDENTITY = "$(CODE_SIGN_IDENTITY)";
				CODE_SIGN_STYLE = Manual;
				DEVELOPMENT_TEAM = "";
				ENABLE_PREVIEWS = YES;
				INFOPLIST_FILE = "Derived/InfoPlists/BankApp-Info.plist";
				IPHONEOS_DEPLOYMENT_TARGET = 15.0;
				LD_RUNPATH_SEARCH_PATHS = (
					"$(inherited)",
					"@executable_path/Frameworks",
				);
				OTHER_LDFLAGS = "$(inherited)";
				PRODUCT_BUNDLE_IDENTIFIER = com.devxsby.BankApp;
				PRODUCT_NAME = BankApp;
				PROVISIONING_PROFILE = "$(APP_PROVISIONING_PROFILE)";
				PROVISIONING_PROFILE_SPECIFIER = "$(APP_PROVISIONING_PROFILE)";
				SDKROOT = iphoneos;
				SUPPORTS_MACCATALYST = NO;
				SWIFT_COMPILATION_MODE = wholemodule;
				SWIFT_OPTIMIZATION_LEVEL = "-Owholemodule";
				SWIFT_VERSION = 5.0;
				TARGETED_DEVICE_FAMILY = 1;
			};
			name = Release;
		};
		5BCACAE4930CE266563B7E14 /* Release */ = {
			isa = XCBuildConfiguration;
			baseConfigurationReference = 0F298D38E1BB9523AA49D9AC /* Project-Release.xcconfig */;
			buildSettings = {
				ALWAYS_SEARCH_USER_PATHS = NO;
				CLANG_ANALYZER_LOCALIZABILITY_NONLOCALIZED = YES;
				CLANG_ANALYZER_NONNULL = YES;
				CLANG_ANALYZER_NUMBER_OBJECT_CONVERSION = YES_AGGRESSIVE;
				CLANG_CXX_LANGUAGE_STANDARD = "gnu++14";
				CLANG_CXX_LIBRARY = "libc++";
				CLANG_ENABLE_MODULES = YES;
				CLANG_ENABLE_OBJC_ARC = YES;
				CLANG_ENABLE_OBJC_WEAK = YES;
				CLANG_WARN_BLOCK_CAPTURE_AUTORELEASING = YES;
				CLANG_WARN_BOOL_CONVERSION = YES;
				CLANG_WARN_COMMA = YES;
				CLANG_WARN_CONSTANT_CONVERSION = YES;
				CLANG_WARN_DEPRECATED_OBJC_IMPLEMENTATIONS = YES;
				CLANG_WARN_DIRECT_OBJC_ISA_USAGE = YES_ERROR;
				CLANG_WARN_DOCUMENTATION_COMMENTS = YES;
				CLANG_WARN_EMPTY_BODY = YES;
				CLANG_WARN_ENUM_CONVERSION = YES;
				CLANG_WARN_INFINITE_RECURSION = YES;
				CLANG_WARN_INT_CONVERSION = YES;
				CLANG_WARN_NON_LITERAL_NULL_CONVERSION = YES;
				CLANG_WARN_OBJC_IMPLICIT_RETAIN_SELF = YES;
				CLANG_WARN_OBJC_LITERAL_CONVERSION = YES;
				CLANG_WARN_OBJC_ROOT_CLASS = YES_ERROR;
				CLANG_WARN_QUOTED_INCLUDE_IN_FRAMEWORK_HEADER = YES;
				CLANG_WARN_RANGE_LOOP_ANALYSIS = YES;
				CLANG_WARN_STRICT_PROTOTYPES = YES;
				CLANG_WARN_SUSPICIOUS_MOVE = YES;
				CLANG_WARN_UNGUARDED_AVAILABILITY = YES_AGGRESSIVE;
				CLANG_WARN_UNREACHABLE_CODE = YES;
				CLANG_WARN__DUPLICATE_METHOD_MATCH = YES;
				COPY_PHASE_STRIP = NO;
				DEAD_CODE_STRIPPING = YES;
				DEBUG_INFORMATION_FORMAT = "dwarf-with-dsym";
				ENABLE_NS_ASSERTIONS = NO;
				ENABLE_STRICT_OBJC_MSGSEND = YES;
				GCC_C_LANGUAGE_STANDARD = gnu11;
				GCC_NO_COMMON_BLOCKS = YES;
				GCC_WARN_64_TO_32_BIT_CONVERSION = YES;
				GCC_WARN_ABOUT_RETURN_TYPE = YES_ERROR;
				GCC_WARN_UNDECLARED_SELECTOR = YES;
				GCC_WARN_UNINITIALIZED_AUTOS = YES_AGGRESSIVE;
				GCC_WARN_UNUSED_FUNCTION = YES;
				GCC_WARN_UNUSED_VARIABLE = YES;
				MTL_ENABLE_DEBUG_INFO = NO;
				PRODUCT_NAME = "$(TARGET_NAME)";
				VALIDATE_PRODUCT = YES;
			};
			name = Release;
		};
		7DA911915BE9C43927C853CB /* Development */ = {
			isa = XCBuildConfiguration;
			baseConfigurationReference = 87F354365A43744E44B677C9 /* Project-Development.xcconfig */;
			buildSettings = {
				ASSETCATALOG_COMPILER_APPICON_NAME = AppIcon;
				CODE_SIGN_IDENTITY = "$(CODE_SIGN_IDENTITY)";
				CODE_SIGN_STYLE = Manual;
				DEVELOPMENT_TEAM = "";
				ENABLE_PREVIEWS = YES;
				INFOPLIST_FILE = "Derived/InfoPlists/BankApp-Info.plist";
				IPHONEOS_DEPLOYMENT_TARGET = 15.0;
				LD_RUNPATH_SEARCH_PATHS = (
					"$(inherited)",
					"@executable_path/Frameworks",
				);
				OTHER_LDFLAGS = "$(inherited)";
				PRODUCT_BUNDLE_IDENTIFIER = com.devxsby.BankApp;
				PRODUCT_NAME = BankApp;
				PROVISIONING_PROFILE = "$(APP_PROVISIONING_PROFILE)";
				PROVISIONING_PROFILE_SPECIFIER = "$(APP_PROVISIONING_PROFILE)";
				SDKROOT = iphoneos;
				SUPPORTS_MACCATALYST = NO;
				SWIFT_ACTIVE_COMPILATION_CONDITIONS = DEBUG;
				SWIFT_COMPILATION_MODE = singlefile;
				SWIFT_OPTIMIZATION_LEVEL = "-Onone";
				SWIFT_VERSION = 5.0;
				TARGETED_DEVICE_FAMILY = 1;
			};
			name = Development;
		};
		E088EA6AEBBCF90E5ED5743B /* Release */ = {
			isa = XCBuildConfiguration;
			baseConfigurationReference = C35861FD6DE97E33F1D0785B /* iOS-Tests.xcconfig */;
			buildSettings = {
				CODE_SIGN_IDENTITY = "$(CODE_SIGN_IDENTITY)";
				CODE_SIGN_STYLE = Manual;
				DEVELOPMENT_TEAM = "";
				INFOPLIST_FILE = "Derived/InfoPlists/BankAppTests-Info.plist";
				IPHONEOS_DEPLOYMENT_TARGET = 15.0;
				LD_RUNPATH_SEARCH_PATHS = (
					"$(inherited)",
					"@executable_path/Frameworks",
					"@loader_path/Frameworks",
				);
				PRODUCT_BUNDLE_IDENTIFIER = com.devxsby.BankAppTests;
				PRODUCT_NAME = BankAppTests;
				SDKROOT = iphoneos;
				SUPPORTS_MACCATALYST = NO;
				SWIFT_COMPILATION_MODE = wholemodule;
				SWIFT_OPTIMIZATION_LEVEL = "-Owholemodule";
				SWIFT_VERSION = 5.0;
				TARGETED_DEVICE_FAMILY = 1;
			};
			name = Release;
		};
		E1C2F48C8224872B46321562 /* Development */ = {
			isa = XCBuildConfiguration;
			baseConfigurationReference = C35861FD6DE97E33F1D0785B /* iOS-Tests.xcconfig */;
			buildSettings = {
				CODE_SIGN_IDENTITY = "$(CODE_SIGN_IDENTITY)";
				CODE_SIGN_STYLE = Manual;
				DEVELOPMENT_TEAM = "";
				INFOPLIST_FILE = "Derived/InfoPlists/BankAppTests-Info.plist";
				IPHONEOS_DEPLOYMENT_TARGET = 15.0;
				LD_RUNPATH_SEARCH_PATHS = (
					"$(inherited)",
					"@executable_path/Frameworks",
					"@loader_path/Frameworks",
				);
				PRODUCT_BUNDLE_IDENTIFIER = com.devxsby.BankAppTests;
				PRODUCT_NAME = BankAppTests;
				SDKROOT = iphoneos;
				SUPPORTS_MACCATALYST = NO;
				SWIFT_ACTIVE_COMPILATION_CONDITIONS = DEBUG;
				SWIFT_COMPILATION_MODE = singlefile;
				SWIFT_OPTIMIZATION_LEVEL = "-Onone";
				SWIFT_VERSION = 5.0;
				TARGETED_DEVICE_FAMILY = 1;
			};
			name = Development;
		};
		FB34F783941DCB7E5B1894D1 /* Development */ = {
			isa = XCBuildConfiguration;
			baseConfigurationReference = 87F354365A43744E44B677C9 /* Project-Development.xcconfig */;
			buildSettings = {
				ALWAYS_SEARCH_USER_PATHS = NO;
				CLANG_ANALYZER_LOCALIZABILITY_NONLOCALIZED = YES;
				CLANG_ANALYZER_NONNULL = YES;
				CLANG_ANALYZER_NUMBER_OBJECT_CONVERSION = YES_AGGRESSIVE;
				CLANG_CXX_LANGUAGE_STANDARD = "gnu++14";
				CLANG_CXX_LIBRARY = "libc++";
				CLANG_ENABLE_MODULES = YES;
				CLANG_ENABLE_OBJC_ARC = YES;
				CLANG_ENABLE_OBJC_WEAK = YES;
				CLANG_WARN_BLOCK_CAPTURE_AUTORELEASING = YES;
				CLANG_WARN_BOOL_CONVERSION = YES;
				CLANG_WARN_COMMA = YES;
				CLANG_WARN_CONSTANT_CONVERSION = YES;
				CLANG_WARN_DEPRECATED_OBJC_IMPLEMENTATIONS = YES;
				CLANG_WARN_DIRECT_OBJC_ISA_USAGE = YES_ERROR;
				CLANG_WARN_DOCUMENTATION_COMMENTS = YES;
				CLANG_WARN_EMPTY_BODY = YES;
				CLANG_WARN_ENUM_CONVERSION = YES;
				CLANG_WARN_INFINITE_RECURSION = YES;
				CLANG_WARN_INT_CONVERSION = YES;
				CLANG_WARN_NON_LITERAL_NULL_CONVERSION = YES;
				CLANG_WARN_OBJC_IMPLICIT_RETAIN_SELF = YES;
				CLANG_WARN_OBJC_LITERAL_CONVERSION = YES;
				CLANG_WARN_OBJC_ROOT_CLASS = YES_ERROR;
				CLANG_WARN_QUOTED_INCLUDE_IN_FRAMEWORK_HEADER = YES;
				CLANG_WARN_RANGE_LOOP_ANALYSIS = YES;
				CLANG_WARN_STRICT_PROTOTYPES = YES;
				CLANG_WARN_SUSPICIOUS_MOVE = YES;
				CLANG_WARN_UNGUARDED_AVAILABILITY = YES_AGGRESSIVE;
				CLANG_WARN_UNREACHABLE_CODE = YES;
				CLANG_WARN__DUPLICATE_METHOD_MATCH = YES;
				COPY_PHASE_STRIP = NO;
				DEAD_CODE_STRIPPING = YES;
				DEBUG_INFORMATION_FORMAT = dwarf;
				ENABLE_STRICT_OBJC_MSGSEND = YES;
				ENABLE_TESTABILITY = YES;
				GCC_C_LANGUAGE_STANDARD = gnu11;
				GCC_DYNAMIC_NO_PIC = NO;
				GCC_NO_COMMON_BLOCKS = YES;
				GCC_OPTIMIZATION_LEVEL = 0;
				GCC_PREPROCESSOR_DEFINITIONS = (
					"DEBUG=1",
					"$(inherited)",
				);
				GCC_WARN_64_TO_32_BIT_CONVERSION = YES;
				GCC_WARN_ABOUT_RETURN_TYPE = YES_ERROR;
				GCC_WARN_UNDECLARED_SELECTOR = YES;
				GCC_WARN_UNINITIALIZED_AUTOS = YES_AGGRESSIVE;
				GCC_WARN_UNUSED_FUNCTION = YES;
				GCC_WARN_UNUSED_VARIABLE = YES;
				MTL_ENABLE_DEBUG_INFO = YES;
				ONLY_ACTIVE_ARCH = YES;
				PRODUCT_NAME = "$(TARGET_NAME)";
			};
			name = Development;
		};
/* End XCBuildConfiguration section */

/* Begin XCConfigurationList section */
		3DEB96D8CF0AF4A6ACC242CD /* Build configuration list for PBXProject "BankApp" */ = {
			isa = XCConfigurationList;
			buildConfigurations = (
				FB34F783941DCB7E5B1894D1 /* Development */,
				5BCACAE4930CE266563B7E14 /* Release */,
			);
			defaultConfigurationIsVisible = 0;
			defaultConfigurationName = Release;
		};
		6BBEE7D011F7086CA2296376 /* Build configuration list for PBXNativeTarget "BankAppTests" */ = {
			isa = XCConfigurationList;
			buildConfigurations = (
				E1C2F48C8224872B46321562 /* Development */,
				E088EA6AEBBCF90E5ED5743B /* Release */,
			);
			defaultConfigurationIsVisible = 0;
			defaultConfigurationName = Release;
		};
		EE68596D44AC48986D2F64AF /* Build configuration list for PBXNativeTarget "BankApp" */ = {
			isa = XCConfigurationList;
			buildConfigurations = (
				7DA911915BE9C43927C853CB /* Development */,
				08C5CFFF9F682EE5BD38C310 /* Release */,
			);
			defaultConfigurationIsVisible = 0;
			defaultConfigurationName = Release;
		};
/* End XCConfigurationList section */
	};
	rootObject = ABA808C5D412CABC48B578FF /* Project object */;
}
