// !$*UTF8*$!
{
	archiveVersion = 1;
	classes = {
	};
	objectVersion = 50;
	objects = {

/* Begin PBXBuildFile section */
		15A275DB8D1D640647A084ED /* TuistBundle+WaitingFeatureTests.swift in Sources */ = {isa = PBXBuildFile; fileRef = E5A6E94B5EF3C1D4E2349DA5 /* TuistBundle+WaitingFeatureTests.swift */; };
		2AC83161E528EB3F6B85956A /* UnitTest.swift in Sources */ = {isa = PBXBuildFile; fileRef = 43ED7FA5233FB00362D2F756 /* UnitTest.swift */; };
		2F1F7543CFB1B244E6AE64F0 /* BaseFeatureDependency.framework in Frameworks */ = {isa = PBXBuildFile; fileRef = BAF886AF3DF0B51BB2A448E0 /* BaseFeatureDependency.framework */; platformFilter = ios; };
		38091E97CD2DA58E8614B7F0 /* Sample.swift in Sources */ = {isa = PBXBuildFile; fileRef = 59DE7298D3488FFAE3F3EEE7 /* Sample.swift */; };
		4C0B9E7A33EFEED2AD5420DA /* dummy.txt in Resources */ = {isa = PBXBuildFile; fileRef = B0B7911AC70C9AAA326D8B18 /* dummy.txt */; };
		6A302E55E335DE81FF388F07 /* Sample.swift in Sources */ = {isa = PBXBuildFile; fileRef = DEE8CE78DA83E0B3915871D5 /* Sample.swift */; };
		98464056BC3B7D2C7EF25D46 /* WaitingFeatureInterface.framework in Frameworks */ = {isa = PBXBuildFile; fileRef = 6DB67BDBE23E8F56E0CDAEF6 /* WaitingFeatureInterface.framework */; platformFilter = ios; };
/* End PBXBuildFile section */

/* Begin PBXContainerItemProxy section */
		D4754AAB9F3CD0359D317E55 /* PBXContainerItemProxy */ = {
			isa = PBXContainerItemProxy;
			containerPortal = 22C91E2A63B35B5DC34605D3 /* Project object */;
			proxyType = 1;
			remoteGlobalIDString = A7F61AAEDDF88A4A5C99B3B7;
			remoteInfo = WaitingFeatureInterface;
		};
/* End PBXContainerItemProxy section */

/* Begin PBXCopyFilesBuildPhase section */
		0F7BF1E1EFC39184D329F21B /* Embed Frameworks */ = {
			isa = PBXCopyFilesBuildPhase;
			buildActionMask = 2147483647;
			dstPath = "";
			dstSubfolderSpec = 10;
			files = (
			);
			name = "Embed Frameworks";
			runOnlyForDeploymentPostprocessing = 0;
		};
		1B25C8EF7B0482A7BBA7D44B /* Embed Frameworks */ = {
			isa = PBXCopyFilesBuildPhase;
			buildActionMask = 2147483647;
			dstPath = "";
			dstSubfolderSpec = 10;
			files = (
			);
			name = "Embed Frameworks";
			runOnlyForDeploymentPostprocessing = 0;
		};
		F43F9C3C7BD7BA7A7BEB3ADC /* Embed Frameworks */ = {
			isa = PBXCopyFilesBuildPhase;
			buildActionMask = 2147483647;
			dstPath = "";
			dstSubfolderSpec = 10;
			files = (
			);
			name = "Embed Frameworks";
			runOnlyForDeploymentPostprocessing = 0;
		};
/* End PBXCopyFilesBuildPhase section */

/* Begin PBXFileReference section */
		305369E9FCC21164DFCE92D5 /* WaitingFeatureInterface-Info.plist */ = {isa = PBXFileReference; lastKnownFileType = text.plist; path = "WaitingFeatureInterface-Info.plist"; sourceTree = "<group>"; };
		43ED7FA5233FB00362D2F756 /* UnitTest.swift */ = {isa = PBXFileReference; lastKnownFileType = sourcecode.swift; path = UnitTest.swift; sourceTree = "<group>"; };
		54A3E2AFE1E0FB892846CD8C /* iOS-Framework.xcconfig */ = {isa = PBXFileReference; lastKnownFileType = text.xcconfig; path = "iOS-Framework.xcconfig"; sourceTree = "<group>"; };
		59DE7298D3488FFAE3F3EEE7 /* Sample.swift */ = {isa = PBXFileReference; lastKnownFileType = sourcecode.swift; path = Sample.swift; sourceTree = "<group>"; };
		61B2FBDAF1650C0AD671F07C /* WaitingFeatureTests.xctest */ = {isa = PBXFileReference; explicitFileType = wrapper.cfbundle; includeInIndex = 0; path = WaitingFeatureTests.xctest; sourceTree = BUILT_PRODUCTS_DIR; };
		6D01495A509EC3E1D101FB5B /* WaitingFeature-Info.plist */ = {isa = PBXFileReference; lastKnownFileType = text.plist; path = "WaitingFeature-Info.plist"; sourceTree = "<group>"; };
		6DB67BDBE23E8F56E0CDAEF6 /* WaitingFeatureInterface.framework */ = {isa = PBXFileReference; explicitFileType = wrapper.framework; includeInIndex = 0; path = WaitingFeatureInterface.framework; sourceTree = BUILT_PRODUCTS_DIR; };
		76E3C4F55CB142F8F6A64CA5 /* WaitingFeatureTests-Info.plist */ = {isa = PBXFileReference; lastKnownFileType = text.plist; path = "WaitingFeatureTests-Info.plist"; sourceTree = "<group>"; };
		B0B7911AC70C9AAA326D8B18 /* dummy.txt */ = {isa = PBXFileReference; lastKnownFileType = text; path = dummy.txt; sourceTree = "<group>"; };
		BAF886AF3DF0B51BB2A448E0 /* BaseFeatureDependency.framework */ = {isa = PBXFileReference; explicitFileType = wrapper.framework; includeInIndex = 0; path = BaseFeatureDependency.framework; sourceTree = BUILT_PRODUCTS_DIR; };
		DB0A59D333626173E577F65E /* Project-Development.xcconfig */ = {isa = PBXFileReference; lastKnownFileType = text.xcconfig; path = "Project-Development.xcconfig"; sourceTree = "<group>"; };
		DEE8CE78DA83E0B3915871D5 /* Sample.swift */ = {isa = PBXFileReference; lastKnownFileType = sourcecode.swift; path = Sample.swift; sourceTree = "<group>"; };
		E5A6E94B5EF3C1D4E2349DA5 /* TuistBundle+WaitingFeatureTests.swift */ = {isa = PBXFileReference; lastKnownFileType = sourcecode.swift; path = "TuistBundle+WaitingFeatureTests.swift"; sourceTree = "<group>"; };
		E8A140957A6CB81EB7FD2E0A /* iOS-Tests.xcconfig */ = {isa = PBXFileReference; lastKnownFileType = text.xcconfig; path = "iOS-Tests.xcconfig"; sourceTree = "<group>"; };
		EC450644400C3966A380C67A /* WaitingFeature.framework */ = {isa = PBXFileReference; explicitFileType = wrapper.framework; includeInIndex = 0; path = WaitingFeature.framework; sourceTree = BUILT_PRODUCTS_DIR; };
		F879C4937D8F3FAC22F3B3B7 /* Project-Release.xcconfig */ = {isa = PBXFileReference; lastKnownFileType = text.xcconfig; path = "Project-Release.xcconfig"; sourceTree = "<group>"; };
/* End PBXFileReference section */

/* Begin PBXFrameworksBuildPhase section */
		21DA81E194324BA78EA8A1B6 /* Frameworks */ = {
			isa = PBXFrameworksBuildPhase;
			buildActionMask = 2147483647;
			files = (
				98464056BC3B7D2C7EF25D46 /* WaitingFeatureInterface.framework in Frameworks */,
			);
			runOnlyForDeploymentPostprocessing = 0;
		};
		81FE083CEA2B59116AD9F891 /* Frameworks */ = {
			isa = PBXFrameworksBuildPhase;
			buildActionMask = 2147483647;
			files = (
				2F1F7543CFB1B244E6AE64F0 /* BaseFeatureDependency.framework in Frameworks */,
			);
			runOnlyForDeploymentPostprocessing = 0;
		};
		B6C29C2E4475DBDF4BE92C5F /* Frameworks */ = {
			isa = PBXFrameworksBuildPhase;
			buildActionMask = 2147483647;
			files = (
			);
			runOnlyForDeploymentPostprocessing = 0;
		};
/* End PBXFrameworksBuildPhase section */

/* Begin PBXGroup section */
		003CE6AF4798EA90B4DFDF7A /* Project */ = {
			isa = PBXGroup;
			children = (
				316AD4A088C4C7F44DD40E52 /* Derived */,
				332DE6B483C95390A528CC16 /* Interface */,
				F29ADA4F6B9540CFD8C452CA /* Sources */,
				5B00AC5EDEE7F4917836859D /* Tests */,
				57D5ED96FC3E4AF90B1283A4 /* xcconfigs */,
			);
			name = Project;
			sourceTree = "<group>";
		};
		07B07D661444F54F6CBD87D5 /* Base */ = {
			isa = PBXGroup;
			children = (
				11E18F7C69FD6AB64CB040B1 /* Projects */,
			);
			path = Base;
			sourceTree = "<group>";
		};
		11E18F7C69FD6AB64CB040B1 /* Projects */ = {
			isa = PBXGroup;
			children = (
				DB0A59D333626173E577F65E /* Project-Development.xcconfig */,
				F879C4937D8F3FAC22F3B3B7 /* Project-Release.xcconfig */,
			);
			path = Projects;
			sourceTree = "<group>";
		};
		2227A3440B5993F3F6E68C87 /* Products */ = {
			isa = PBXGroup;
			children = (
				BAF886AF3DF0B51BB2A448E0 /* BaseFeatureDependency.framework */,
				EC450644400C3966A380C67A /* WaitingFeature.framework */,
				6DB67BDBE23E8F56E0CDAEF6 /* WaitingFeatureInterface.framework */,
				61B2FBDAF1650C0AD671F07C /* WaitingFeatureTests.xctest */,
			);
			name = Products;
			sourceTree = "<group>";
		};
		297EF72C316ADB198A5C21EA /* Sources */ = {
			isa = PBXGroup;
			children = (
				E5A6E94B5EF3C1D4E2349DA5 /* TuistBundle+WaitingFeatureTests.swift */,
			);
			path = Sources;
			sourceTree = "<group>";
		};
		316AD4A088C4C7F44DD40E52 /* Derived */ = {
			isa = PBXGroup;
			children = (
				8CD7F8BBE338C6884D6C6AAD /* InfoPlists */,
				297EF72C316ADB198A5C21EA /* Sources */,
			);
			path = Derived;
			sourceTree = "<group>";
		};
		332DE6B483C95390A528CC16 /* Interface */ = {
			isa = PBXGroup;
			children = (
				8BA28B1600F8F751243F0229 /* Sources */,
			);
			path = Interface;
			sourceTree = "<group>";
		};
		48305A800E128EAC9424470D /* Sources */ = {
			isa = PBXGroup;
			children = (
				43ED7FA5233FB00362D2F756 /* UnitTest.swift */,
			);
			path = Sources;
			sourceTree = "<group>";
		};
		53933BD86DC4DEC80BB9C162 = {
			isa = PBXGroup;
			children = (
				003CE6AF4798EA90B4DFDF7A /* Project */,
				72122C62924A62EA2282274B /* Frameworks */,
				2227A3440B5993F3F6E68C87 /* Products */,
			);
			sourceTree = "<group>";
		};
		57D5ED96FC3E4AF90B1283A4 /* xcconfigs */ = {
			isa = PBXGroup;
			children = (
				07B07D661444F54F6CBD87D5 /* Base */,
				CCA7E48CBFDA5A7B21BB0826 /* targets */,
			);
			name = xcconfigs;
			path = ../../../xcconfigs;
			sourceTree = "<group>";
		};
		5B00AC5EDEE7F4917836859D /* Tests */ = {
			isa = PBXGroup;
			children = (
				5BB90B1556D4FC2B158957AF /* Resources */,
				48305A800E128EAC9424470D /* Sources */,
			);
			path = Tests;
			sourceTree = "<group>";
		};
		5BB90B1556D4FC2B158957AF /* Resources */ = {
			isa = PBXGroup;
			children = (
				B0B7911AC70C9AAA326D8B18 /* dummy.txt */,
			);
			path = Resources;
			sourceTree = "<group>";
		};
		72122C62924A62EA2282274B /* Frameworks */ = {
			isa = PBXGroup;
			children = (
			);
			name = Frameworks;
			sourceTree = "<group>";
		};
		8BA28B1600F8F751243F0229 /* Sources */ = {
			isa = PBXGroup;
			children = (
				DEE8CE78DA83E0B3915871D5 /* Sample.swift */,
			);
			path = Sources;
			sourceTree = "<group>";
		};
		8CD7F8BBE338C6884D6C6AAD /* InfoPlists */ = {
			isa = PBXGroup;
			children = (
				6D01495A509EC3E1D101FB5B /* WaitingFeature-Info.plist */,
				305369E9FCC21164DFCE92D5 /* WaitingFeatureInterface-Info.plist */,
				76E3C4F55CB142F8F6A64CA5 /* WaitingFeatureTests-Info.plist */,
			);
			path = InfoPlists;
			sourceTree = "<group>";
		};
		CCA7E48CBFDA5A7B21BB0826 /* targets */ = {
			isa = PBXGroup;
			children = (
				54A3E2AFE1E0FB892846CD8C /* iOS-Framework.xcconfig */,
				E8A140957A6CB81EB7FD2E0A /* iOS-Tests.xcconfig */,
			);
			path = targets;
			sourceTree = "<group>";
		};
		F29ADA4F6B9540CFD8C452CA /* Sources */ = {
			isa = PBXGroup;
			children = (
				59DE7298D3488FFAE3F3EEE7 /* Sample.swift */,
			);
			path = Sources;
			sourceTree = "<group>";
		};
/* End PBXGroup section */

/* Begin PBXNativeTarget section */
		59334505C6C25676CA48B094 /* WaitingFeature */ = {
			isa = PBXNativeTarget;
			buildConfigurationList = ED3E0F875ACF812ABA4A1E18 /* Build configuration list for PBXNativeTarget "WaitingFeature" */;
			buildPhases = (
				0BEB2F23A238478D93A41907 /* Sources */,
				956BFD2BBEB9A09FC6C5BDCC /* Resources */,
				1B25C8EF7B0482A7BBA7D44B /* Embed Frameworks */,
				21DA81E194324BA78EA8A1B6 /* Frameworks */,
			);
			buildRules = (
			);
			dependencies = (
				0306FA8C8C9956C886780746 /* PBXTargetDependency */,
			);
			name = WaitingFeature;
			productName = WaitingFeature;
			productReference = EC450644400C3966A380C67A /* WaitingFeature.framework */;
			productType = "com.apple.product-type.framework";
		};
		84F47F00AE8257BC1E0D954B /* WaitingFeatureTests */ = {
			isa = PBXNativeTarget;
			buildConfigurationList = 7A7C2DF216EBF0CE3776C7B3 /* Build configuration list for PBXNativeTarget "WaitingFeatureTests" */;
			buildPhases = (
				B0447E34EAB202BAF4A3F337 /* Sources */,
				2D61C0E2B91F11EAD8DEB56B /* Resources */,
				0F7BF1E1EFC39184D329F21B /* Embed Frameworks */,
				B6C29C2E4475DBDF4BE92C5F /* Frameworks */,
			);
			buildRules = (
			);
			dependencies = (
			);
			name = WaitingFeatureTests;
			productName = WaitingFeatureTests;
			productReference = 61B2FBDAF1650C0AD671F07C /* WaitingFeatureTests.xctest */;
			productType = "com.apple.product-type.bundle.unit-test";
		};
		A7F61AAEDDF88A4A5C99B3B7 /* WaitingFeatureInterface */ = {
			isa = PBXNativeTarget;
			buildConfigurationList = 0A88A47DDE389ACC547B51C9 /* Build configuration list for PBXNativeTarget "WaitingFeatureInterface" */;
			buildPhases = (
				2BAD932B53BB231F2AC6C050 /* Sources */,
				A08F27DAE2B9D7E6E773430C /* Resources */,
				F43F9C3C7BD7BA7A7BEB3ADC /* Embed Frameworks */,
				81FE083CEA2B59116AD9F891 /* Frameworks */,
			);
			buildRules = (
			);
			dependencies = (
			);
			name = WaitingFeatureInterface;
			productName = WaitingFeatureInterface;
			productReference = 6DB67BDBE23E8F56E0CDAEF6 /* WaitingFeatureInterface.framework */;
			productType = "com.apple.product-type.framework";
		};
/* End PBXNativeTarget section */

/* Begin PBXProject section */
		22C91E2A63B35B5DC34605D3 /* Project object */ = {
			isa = PBXProject;
			attributes = {
				ORGANIZATIONNAME = BankApp;
				TargetAttributes = {
				};
			};
			buildConfigurationList = 81AD0023DB9308A4C21B7D62 /* Build configuration list for PBXProject "WaitingFeature" */;
			compatibilityVersion = "Xcode 13.0";
			developmentRegion = en;
			hasScannedForEncodings = 0;
			knownRegions = (
				Base,
				en,
			);
			mainGroup = 53933BD86DC4DEC80BB9C162;
			productRefGroup = 2227A3440B5993F3F6E68C87 /* Products */;
			projectDirPath = "";
			projectRoot = "";
			targets = (
				A7F61AAEDDF88A4A5C99B3B7 /* WaitingFeatureInterface */,
				59334505C6C25676CA48B094 /* WaitingFeature */,
				84F47F00AE8257BC1E0D954B /* WaitingFeatureTests */,
			);
		};
/* End PBXProject section */

/* Begin PBXResourcesBuildPhase section */
		2D61C0E2B91F11EAD8DEB56B /* Resources */ = {
			isa = PBXResourcesBuildPhase;
			buildActionMask = 2147483647;
			files = (
				4C0B9E7A33EFEED2AD5420DA /* dummy.txt in Resources */,
			);
			runOnlyForDeploymentPostprocessing = 0;
		};
		956BFD2BBEB9A09FC6C5BDCC /* Resources */ = {
			isa = PBXResourcesBuildPhase;
			buildActionMask = 2147483647;
			files = (
			);
			runOnlyForDeploymentPostprocessing = 0;
		};
		A08F27DAE2B9D7E6E773430C /* Resources */ = {
			isa = PBXResourcesBuildPhase;
			buildActionMask = 2147483647;
			files = (
			);
			runOnlyForDeploymentPostprocessing = 0;
		};
/* End PBXResourcesBuildPhase section */

/* Begin PBXSourcesBuildPhase section */
		0BEB2F23A238478D93A41907 /* Sources */ = {
			isa = PBXSourcesBuildPhase;
			buildActionMask = 2147483647;
			files = (
				38091E97CD2DA58E8614B7F0 /* Sample.swift in Sources */,
			);
			runOnlyForDeploymentPostprocessing = 0;
		};
		2BAD932B53BB231F2AC6C050 /* Sources */ = {
			isa = PBXSourcesBuildPhase;
			buildActionMask = 2147483647;
			files = (
				6A302E55E335DE81FF388F07 /* Sample.swift in Sources */,
			);
			runOnlyForDeploymentPostprocessing = 0;
		};
		B0447E34EAB202BAF4A3F337 /* Sources */ = {
			isa = PBXSourcesBuildPhase;
			buildActionMask = 2147483647;
			files = (
				15A275DB8D1D640647A084ED /* TuistBundle+WaitingFeatureTests.swift in Sources */,
				2AC83161E528EB3F6B85956A /* UnitTest.swift in Sources */,
			);
			runOnlyForDeploymentPostprocessing = 0;
		};
/* End PBXSourcesBuildPhase section */

/* Begin PBXTargetDependency section */
		0306FA8C8C9956C886780746 /* PBXTargetDependency */ = {
			isa = PBXTargetDependency;
			name = WaitingFeatureInterface;
			target = A7F61AAEDDF88A4A5C99B3B7 /* WaitingFeatureInterface */;
			targetProxy = D4754AAB9F3CD0359D317E55 /* PBXContainerItemProxy */;
		};
/* End PBXTargetDependency section */

/* Begin XCBuildConfiguration section */
		129FD6ADC59FBC6BA76D1E18 /* Release */ = {
			isa = XCBuildConfiguration;
			baseConfigurationReference = 54A3E2AFE1E0FB892846CD8C /* iOS-Framework.xcconfig */;
			buildSettings = {
				CODE_SIGN_IDENTITY = "$(CODE_SIGN_IDENTITY)";
				CODE_SIGN_STYLE = Manual;
				CURRENT_PROJECT_VERSION = 1;
				DEFINES_MODULE = YES;
				DEVELOPMENT_TEAM = "";
				DYLIB_COMPATIBILITY_VERSION = 1;
				DYLIB_CURRENT_VERSION = 1;
				DYLIB_INSTALL_NAME_BASE = "@rpath";
				INFOPLIST_FILE = "Derived/InfoPlists/WaitingFeatureInterface-Info.plist";
				INSTALL_PATH = "$(LOCAL_LIBRARY_DIR)/Frameworks";
				IPHONEOS_DEPLOYMENT_TARGET = 15.0;
				LD_RUNPATH_SEARCH_PATHS = (
					"$(inherited)",
					"@executable_path/Frameworks",
					"@loader_path/Frameworks",
				);
				OTHER_LDFLAGS = "$(inherited)";
				PRODUCT_BUNDLE_IDENTIFIER = com.devxsby.WaitingFeatureInterface;
				PRODUCT_NAME = WaitingFeatureInterface;
				SDKROOT = iphoneos;
				SKIP_INSTALL = YES;
				SUPPORTS_MACCATALYST = NO;
				SWIFT_COMPILATION_MODE = wholemodule;
				SWIFT_OPTIMIZATION_LEVEL = "-Owholemodule";
				SWIFT_VERSION = 5.0;
				TARGETED_DEVICE_FAMILY = 1;
				VERSIONING_SYSTEM = "apple-generic";
				VERSION_INFO_PREFIX = "";
			};
			name = Release;
		};
		19F1C8596022A6159AF6D0FF /* Development */ = {
			isa = XCBuildConfiguration;
			baseConfigurationReference = DB0A59D333626173E577F65E /* Project-Development.xcconfig */;
			buildSettings = {
				ALWAYS_SEARCH_USER_PATHS = NO;
				CLANG_ANALYZER_LOCALIZABILITY_NONLOCALIZED = YES;
				CLANG_ANALYZER_NONNULL = YES;
				CLANG_ANALYZER_NUMBER_OBJECT_CONVERSION = YES_AGGRESSIVE;
				CLANG_CXX_LANGUAGE_STANDARD = "gnu++14";
				CLANG_CXX_LIBRARY = "libc++";
				CLANG_ENABLE_MODULES = YES;
				CLANG_ENABLE_OBJC_ARC = YES;
				CLANG_ENABLE_OBJC_WEAK = YES;
				CLANG_WARN_BLOCK_CAPTURE_AUTORELEASING = YES;
				CLANG_WARN_BOOL_CONVERSION = YES;
				CLANG_WARN_COMMA = YES;
				CLANG_WARN_CONSTANT_CONVERSION = YES;
				CLANG_WARN_DEPRECATED_OBJC_IMPLEMENTATIONS = YES;
				CLANG_WARN_DIRECT_OBJC_ISA_USAGE = YES_ERROR;
				CLANG_WARN_DOCUMENTATION_COMMENTS = YES;
				CLANG_WARN_EMPTY_BODY = YES;
				CLANG_WARN_ENUM_CONVERSION = YES;
				CLANG_WARN_INFINITE_RECURSION = YES;
				CLANG_WARN_INT_CONVERSION = YES;
				CLANG_WARN_NON_LITERAL_NULL_CONVERSION = YES;
				CLANG_WARN_OBJC_IMPLICIT_RETAIN_SELF = YES;
				CLANG_WARN_OBJC_LITERAL_CONVERSION = YES;
				CLANG_WARN_OBJC_ROOT_CLASS = YES_ERROR;
				CLANG_WARN_QUOTED_INCLUDE_IN_FRAMEWORK_HEADER = YES;
				CLANG_WARN_RANGE_LOOP_ANALYSIS = YES;
				CLANG_WARN_STRICT_PROTOTYPES = YES;
				CLANG_WARN_SUSPICIOUS_MOVE = YES;
				CLANG_WARN_UNGUARDED_AVAILABILITY = YES_AGGRESSIVE;
				CLANG_WARN_UNREACHABLE_CODE = YES;
				CLANG_WARN__DUPLICATE_METHOD_MATCH = YES;
				COPY_PHASE_STRIP = NO;
				DEAD_CODE_STRIPPING = YES;
				DEBUG_INFORMATION_FORMAT = dwarf;
				ENABLE_STRICT_OBJC_MSGSEND = YES;
				ENABLE_TESTABILITY = YES;
				GCC_C_LANGUAGE_STANDARD = gnu11;
				GCC_DYNAMIC_NO_PIC = NO;
				GCC_NO_COMMON_BLOCKS = YES;
				GCC_OPTIMIZATION_LEVEL = 0;
				GCC_PREPROCESSOR_DEFINITIONS = (
					"DEBUG=1",
					"$(inherited)",
				);
				GCC_WARN_64_TO_32_BIT_CONVERSION = YES;
				GCC_WARN_ABOUT_RETURN_TYPE = YES_ERROR;
				GCC_WARN_UNDECLARED_SELECTOR = YES;
				GCC_WARN_UNINITIALIZED_AUTOS = YES_AGGRESSIVE;
				GCC_WARN_UNUSED_FUNCTION = YES;
				GCC_WARN_UNUSED_VARIABLE = YES;
				MTL_ENABLE_DEBUG_INFO = YES;
				ONLY_ACTIVE_ARCH = YES;
				PRODUCT_NAME = "$(TARGET_NAME)";
			};
			name = Development;
		};
		7338EDFC1C3CAB18A18E10E7 /* Development */ = {
			isa = XCBuildConfiguration;
			baseConfigurationReference = 54A3E2AFE1E0FB892846CD8C /* iOS-Framework.xcconfig */;
			buildSettings = {
				CODE_SIGN_IDENTITY = "$(CODE_SIGN_IDENTITY)";
				CODE_SIGN_STYLE = Manual;
				CURRENT_PROJECT_VERSION = 1;
				DEFINES_MODULE = YES;
				DEVELOPMENT_TEAM = "";
				DYLIB_COMPATIBILITY_VERSION = 1;
				DYLIB_CURRENT_VERSION = 1;
				DYLIB_INSTALL_NAME_BASE = "@rpath";
				INFOPLIST_FILE = "Derived/InfoPlists/WaitingFeatureInterface-Info.plist";
				INSTALL_PATH = "$(LOCAL_LIBRARY_DIR)/Frameworks";
				IPHONEOS_DEPLOYMENT_TARGET = 15.0;
				LD_RUNPATH_SEARCH_PATHS = (
					"$(inherited)",
					"@executable_path/Frameworks",
					"@loader_path/Frameworks",
				);
				OTHER_LDFLAGS = "$(inherited)";
				PRODUCT_BUNDLE_IDENTIFIER = com.devxsby.WaitingFeatureInterface;
				PRODUCT_NAME = WaitingFeatureInterface;
				SDKROOT = iphoneos;
				SKIP_INSTALL = YES;
				SUPPORTS_MACCATALYST = NO;
				SWIFT_ACTIVE_COMPILATION_CONDITIONS = DEBUG;
				SWIFT_COMPILATION_MODE = singlefile;
				SWIFT_OPTIMIZATION_LEVEL = "-Onone";
				SWIFT_VERSION = 5.0;
				TARGETED_DEVICE_FAMILY = 1;
				VERSIONING_SYSTEM = "apple-generic";
				VERSION_INFO_PREFIX = "";
			};
			name = Development;
		};
		8AC75C7F1FD881DC3B3F6D18 /* Development */ = {
			isa = XCBuildConfiguration;
			baseConfigurationReference = 54A3E2AFE1E0FB892846CD8C /* iOS-Framework.xcconfig */;
			buildSettings = {
				CODE_SIGN_IDENTITY = "$(CODE_SIGN_IDENTITY)";
				CODE_SIGN_STYLE = Manual;
				CURRENT_PROJECT_VERSION = 1;
				DEFINES_MODULE = YES;
				DEVELOPMENT_TEAM = "";
				DYLIB_COMPATIBILITY_VERSION = 1;
				DYLIB_CURRENT_VERSION = 1;
				DYLIB_INSTALL_NAME_BASE = "@rpath";
				INFOPLIST_FILE = "Derived/InfoPlists/WaitingFeature-Info.plist";
				INSTALL_PATH = "$(LOCAL_LIBRARY_DIR)/Frameworks";
				IPHONEOS_DEPLOYMENT_TARGET = 15.0;
				LD_RUNPATH_SEARCH_PATHS = (
					"$(inherited)",
					"@executable_path/Frameworks",
					"@loader_path/Frameworks",
				);
				MACH_O_TYPE = staticlib;
				OTHER_LDFLAGS = "$(inherited)";
				PRODUCT_BUNDLE_IDENTIFIER = com.devxsby.WaitingFeature;
				PRODUCT_NAME = WaitingFeature;
				SDKROOT = iphoneos;
				SKIP_INSTALL = YES;
				SUPPORTS_MACCATALYST = NO;
				SWIFT_ACTIVE_COMPILATION_CONDITIONS = DEBUG;
				SWIFT_COMPILATION_MODE = singlefile;
				SWIFT_OPTIMIZATION_LEVEL = "-Onone";
				SWIFT_VERSION = 5.0;
				TARGETED_DEVICE_FAMILY = 1;
				VERSIONING_SYSTEM = "apple-generic";
				VERSION_INFO_PREFIX = "";
			};
			name = Development;
		};
		8B7174BBA49920EF63577F87 /* Release */ = {
			isa = XCBuildConfiguration;
			baseConfigurationReference = F879C4937D8F3FAC22F3B3B7 /* Project-Release.xcconfig */;
			buildSettings = {
				ALWAYS_SEARCH_USER_PATHS = NO;
				CLANG_ANALYZER_LOCALIZABILITY_NONLOCALIZED = YES;
				CLANG_ANALYZER_NONNULL = YES;
				CLANG_ANALYZER_NUMBER_OBJECT_CONVERSION = YES_AGGRESSIVE;
				CLANG_CXX_LANGUAGE_STANDARD = "gnu++14";
				CLANG_CXX_LIBRARY = "libc++";
				CLANG_ENABLE_MODULES = YES;
				CLANG_ENABLE_OBJC_ARC = YES;
				CLANG_ENABLE_OBJC_WEAK = YES;
				CLANG_WARN_BLOCK_CAPTURE_AUTORELEASING = YES;
				CLANG_WARN_BOOL_CONVERSION = YES;
				CLANG_WARN_COMMA = YES;
				CLANG_WARN_CONSTANT_CONVERSION = YES;
				CLANG_WARN_DEPRECATED_OBJC_IMPLEMENTATIONS = YES;
				CLANG_WARN_DIRECT_OBJC_ISA_USAGE = YES_ERROR;
				CLANG_WARN_DOCUMENTATION_COMMENTS = YES;
				CLANG_WARN_EMPTY_BODY = YES;
				CLANG_WARN_ENUM_CONVERSION = YES;
				CLANG_WARN_INFINITE_RECURSION = YES;
				CLANG_WARN_INT_CONVERSION = YES;
				CLANG_WARN_NON_LITERAL_NULL_CONVERSION = YES;
				CLANG_WARN_OBJC_IMPLICIT_RETAIN_SELF = YES;
				CLANG_WARN_OBJC_LITERAL_CONVERSION = YES;
				CLANG_WARN_OBJC_ROOT_CLASS = YES_ERROR;
				CLANG_WARN_QUOTED_INCLUDE_IN_FRAMEWORK_HEADER = YES;
				CLANG_WARN_RANGE_LOOP_ANALYSIS = YES;
				CLANG_WARN_STRICT_PROTOTYPES = YES;
				CLANG_WARN_SUSPICIOUS_MOVE = YES;
				CLANG_WARN_UNGUARDED_AVAILABILITY = YES_AGGRESSIVE;
				CLANG_WARN_UNREACHABLE_CODE = YES;
				CLANG_WARN__DUPLICATE_METHOD_MATCH = YES;
				COPY_PHASE_STRIP = NO;
				DEAD_CODE_STRIPPING = YES;
				DEBUG_INFORMATION_FORMAT = "dwarf-with-dsym";
				ENABLE_NS_ASSERTIONS = NO;
				ENABLE_STRICT_OBJC_MSGSEND = YES;
				GCC_C_LANGUAGE_STANDARD = gnu11;
				GCC_NO_COMMON_BLOCKS = YES;
				GCC_WARN_64_TO_32_BIT_CONVERSION = YES;
				GCC_WARN_ABOUT_RETURN_TYPE = YES_ERROR;
				GCC_WARN_UNDECLARED_SELECTOR = YES;
				GCC_WARN_UNINITIALIZED_AUTOS = YES_AGGRESSIVE;
				GCC_WARN_UNUSED_FUNCTION = YES;
				GCC_WARN_UNUSED_VARIABLE = YES;
				MTL_ENABLE_DEBUG_INFO = NO;
				PRODUCT_NAME = "$(TARGET_NAME)";
				VALIDATE_PRODUCT = YES;
			};
			name = Release;
		};
		AFB35D1EFD9DBD372A1B3CEA /* Development */ = {
			isa = XCBuildConfiguration;
			baseConfigurationReference = E8A140957A6CB81EB7FD2E0A /* iOS-Tests.xcconfig */;
			buildSettings = {
				CODE_SIGN_IDENTITY = "$(CODE_SIGN_IDENTITY)";
				CODE_SIGN_STYLE = Manual;
				DEVELOPMENT_TEAM = "";
				INFOPLIST_FILE = "Derived/InfoPlists/WaitingFeatureTests-Info.plist";
				IPHONEOS_DEPLOYMENT_TARGET = 15.0;
				LD_RUNPATH_SEARCH_PATHS = (
					"$(inherited)",
					"@executable_path/Frameworks",
					"@loader_path/Frameworks",
				);
				PRODUCT_BUNDLE_IDENTIFIER = com.devxsby.WaitingFeatureTests;
				PRODUCT_NAME = WaitingFeatureTests;
				SDKROOT = iphoneos;
				SUPPORTS_MACCATALYST = NO;
				SWIFT_ACTIVE_COMPILATION_CONDITIONS = DEBUG;
				SWIFT_COMPILATION_MODE = singlefile;
				SWIFT_OPTIMIZATION_LEVEL = "-Onone";
				SWIFT_VERSION = 5.0;
				TARGETED_DEVICE_FAMILY = 1;
			};
			name = Development;
		};
		C299324DF942636A18B2B1E2 /* Release */ = {
			isa = XCBuildConfiguration;
			baseConfigurationReference = E8A140957A6CB81EB7FD2E0A /* iOS-Tests.xcconfig */;
			buildSettings = {
				CODE_SIGN_IDENTITY = "$(CODE_SIGN_IDENTITY)";
				CODE_SIGN_STYLE = Manual;
				DEVELOPMENT_TEAM = "";
				INFOPLIST_FILE = "Derived/InfoPlists/WaitingFeatureTests-Info.plist";
				IPHONEOS_DEPLOYMENT_TARGET = 15.0;
				LD_RUNPATH_SEARCH_PATHS = (
					"$(inherited)",
					"@executable_path/Frameworks",
					"@loader_path/Frameworks",
				);
				PRODUCT_BUNDLE_IDENTIFIER = com.devxsby.WaitingFeatureTests;
				PRODUCT_NAME = WaitingFeatureTests;
				SDKROOT = iphoneos;
				SUPPORTS_MACCATALYST = NO;
				SWIFT_COMPILATION_MODE = wholemodule;
				SWIFT_OPTIMIZATION_LEVEL = "-Owholemodule";
				SWIFT_VERSION = 5.0;
				TARGETED_DEVICE_FAMILY = 1;
			};
			name = Release;
		};
		F91729435BB8FF74F34D6E0F /* Release */ = {
			isa = XCBuildConfiguration;
			baseConfigurationReference = 54A3E2AFE1E0FB892846CD8C /* iOS-Framework.xcconfig */;
			buildSettings = {
				CODE_SIGN_IDENTITY = "$(CODE_SIGN_IDENTITY)";
				CODE_SIGN_STYLE = Manual;
				CURRENT_PROJECT_VERSION = 1;
				DEFINES_MODULE = YES;
				DEVELOPMENT_TEAM = "";
				DYLIB_COMPATIBILITY_VERSION = 1;
				DYLIB_CURRENT_VERSION = 1;
				DYLIB_INSTALL_NAME_BASE = "@rpath";
				INFOPLIST_FILE = "Derived/InfoPlists/WaitingFeature-Info.plist";
				INSTALL_PATH = "$(LOCAL_LIBRARY_DIR)/Frameworks";
				IPHONEOS_DEPLOYMENT_TARGET = 15.0;
				LD_RUNPATH_SEARCH_PATHS = (
					"$(inherited)",
					"@executable_path/Frameworks",
					"@loader_path/Frameworks",
				);
				MACH_O_TYPE = staticlib;
				OTHER_LDFLAGS = "$(inherited)";
				PRODUCT_BUNDLE_IDENTIFIER = com.devxsby.WaitingFeature;
				PRODUCT_NAME = WaitingFeature;
				SDKROOT = iphoneos;
				SKIP_INSTALL = YES;
				SUPPORTS_MACCATALYST = NO;
				SWIFT_COMPILATION_MODE = wholemodule;
				SWIFT_OPTIMIZATION_LEVEL = "-Owholemodule";
				SWIFT_VERSION = 5.0;
				TARGETED_DEVICE_FAMILY = 1;
				VERSIONING_SYSTEM = "apple-generic";
				VERSION_INFO_PREFIX = "";
			};
			name = Release;
		};
/* End XCBuildConfiguration section */

/* Begin XCConfigurationList section */
		0A88A47DDE389ACC547B51C9 /* Build configuration list for PBXNativeTarget "WaitingFeatureInterface" */ = {
			isa = XCConfigurationList;
			buildConfigurations = (
				7338EDFC1C3CAB18A18E10E7 /* Development */,
				129FD6ADC59FBC6BA76D1E18 /* Release */,
			);
			defaultConfigurationIsVisible = 0;
			defaultConfigurationName = Release;
		};
		7A7C2DF216EBF0CE3776C7B3 /* Build configuration list for PBXNativeTarget "WaitingFeatureTests" */ = {
			isa = XCConfigurationList;
			buildConfigurations = (
				AFB35D1EFD9DBD372A1B3CEA /* Development */,
				C299324DF942636A18B2B1E2 /* Release */,
			);
			defaultConfigurationIsVisible = 0;
			defaultConfigurationName = Release;
		};
		81AD0023DB9308A4C21B7D62 /* Build configuration list for PBXProject "WaitingFeature" */ = {
			isa = XCConfigurationList;
			buildConfigurations = (
				19F1C8596022A6159AF6D0FF /* Development */,
				8B7174BBA49920EF63577F87 /* Release */,
			);
			defaultConfigurationIsVisible = 0;
			defaultConfigurationName = Release;
		};
		ED3E0F875ACF812ABA4A1E18 /* Build configuration list for PBXNativeTarget "WaitingFeature" */ = {
			isa = XCConfigurationList;
			buildConfigurations = (
				8AC75C7F1FD881DC3B3F6D18 /* Development */,
				F91729435BB8FF74F34D6E0F /* Release */,
			);
			defaultConfigurationIsVisible = 0;
			defaultConfigurationName = Release;
		};
/* End XCConfigurationList section */
	};
	rootObject = 22C91E2A63B35B5DC34605D3 /* Project object */;
}
